Microsoft Visual Studio Solution File, Format Version 10.00
# Visual Studio 2008
Project("{2150E333-8FDC-42A3-9474-1A3956D46DE8}") = "Demos", "Demos", "{B1EC435B-0FE9-4AAF-AB67-B7E885A4C261}"
EndProject
Project("{2150E333-8FDC-42A3-9474-1A3956D46DE8}") = "Build", "Build", "{08FD8755-DBE3-43CC-AE96-7EFC6AA5F387}"
	ProjectSection(SolutionItems) = preProject
		BuildCompactAndRunTests.proj = BuildCompactAndRunTests.proj
	EndProjectSection
EndProject
Project("{FAE04EC0-301F-11D3-BF4B-00C04F79EFBC}") = "TweetSharp.Compact", "TweetSharp.Compact\TweetSharp.Compact.csproj", "{A7FB0FED-3B51-4E0A-BE41-7DFFBF02ABB2}"
EndProject
Project("{FAE04EC0-301F-11D3-BF4B-00C04F79EFBC}") = "Demo.WindowsMobile", "Demo.WindowsMobile\Demo.WindowsMobile.csproj", "{529968B9-A6FA-4E39-AEAD-E7E92B54F3B3}"
EndProject
Project("{FAE04EC0-301F-11D3-BF4B-00C04F79EFBC}") = "TweetSharp.Compact.UnitTests", "TweetSharp.Compact.UnitTests\TweetSharp.Compact.UnitTests.csproj", "{A8CCF42C-78C0-4178-9977-90DFF70EF315}"
EndProject
Project("{FAE04EC0-301F-11D3-BF4B-00C04F79EFBC}") = "TweetSharp.Twitter.Compact", "TweetSharp.Twitter.Compact\TweetSharp.Twitter.Compact.csproj", "{8C765F4E-666C-4C22-8855-DC3B86BE371D}"
EndProject
Project("{2150E333-8FDC-42A3-9474-1A3956D46DE8}") = "Src", "Src", "{518B5F8E-D6AA-43AE-BE44-A9E4E64B814C}"
EndProject
Project("{2150E333-8FDC-42A3-9474-1A3956D46DE8}") = "Twitter", "Twitter", "{A2F1C87D-7440-4354-9364-C3F92256CA82}"
EndProject
Project("{2150E333-8FDC-42A3-9474-1A3956D46DE8}") = "Yammer", "Yammer", "{67FCCC49-ADB7-43B2-859F-206C87092CC3}"
EndProject
Project("{2150E333-8FDC-42A3-9474-1A3956D46DE8}") = "Tests", "Tests", "{EC8E3DC6-C4DB-4501-B404-63C9CDD5FC90}"
EndProject
Project("{FAE04EC0-301F-11D3-BF4B-00C04F79EFBC}") = "TweetSharp.Twitter.Compact.UnitTests", "TweetSharp.Twitter.Compact.UnitTests\TweetSharp.Twitter.Compact.UnitTests.csproj", "{09EA2A46-CA87-4AF8-AD98-A00DE294B1C5}"
EndProject
Project("{2150E333-8FDC-42A3-9474-1A3956D46DE8}") = "Tests", "Tests", "{6C91726E-16EF-4438-9D18-DA80194C9DEB}"
EndProject
Project("{2150E333-8FDC-42A3-9474-1A3956D46DE8}") = "Tests", "Tests", "{A69CF31D-E799-45AA-B5F9-D7C3CDB678FC}"
EndProject
Project("{FAE04EC0-301F-11D3-BF4B-00C04F79EFBC}") = "TweetSharp.Yammer.Compact", "TweetSharp.Yammer.Compact\TweetSharp.Yammer.Compact.csproj", "{A7C648EF-60D1-4524-8802-B5E8E8AE9C05}"
EndProject
Project("{FAE04EC0-301F-11D3-BF4B-00C04F79EFBC}") = "TweetSharp.Yammer.Compact.UnitTests", "TweetSharp.Yammer.Compact.UnitTests\TweetSharp.Yammer.Compact.UnitTests.csproj", "{1692D993-CBE2-4A10-9108-D2E0C91CEA1F}"
EndProject
Project("{2150E333-8FDC-42A3-9474-1A3956D46DE8}") = "Core", "Core", "{17A9FE2D-E35B-4134-9B78-EFECF9074C95}"
EndProject
Global
	GlobalSection(SolutionConfigurationPlatforms) = preSolution
		Debug|Any CPU = Debug|Any CPU
		Mono|Any CPU = Mono|Any CPU
		MonoRelease|Any CPU = MonoRelease|Any CPU
		Release|Any CPU = Release|Any CPU
	EndGlobalSection
	GlobalSection(ProjectConfigurationPlatforms) = postSolution
		{A7FB0FED-3B51-4E0A-BE41-7DFFBF02ABB2}.Debug|Any CPU.ActiveCfg = Debug|Any CPU
		{A7FB0FED-3B51-4E0A-BE41-7DFFBF02ABB2}.Debug|Any CPU.Build.0 = Debug|Any CPU
		{A7FB0FED-3B51-4E0A-BE41-7DFFBF02ABB2}.Mono|Any CPU.ActiveCfg = Release|Any CPU
		{A7FB0FED-3B51-4E0A-BE41-7DFFBF02ABB2}.Mono|Any CPU.Build.0 = Release|Any CPU
		{A7FB0FED-3B51-4E0A-BE41-7DFFBF02ABB2}.MonoRelease|Any CPU.ActiveCfg = Release|Any CPU
		{A7FB0FED-3B51-4E0A-BE41-7DFFBF02ABB2}.MonoRelease|Any CPU.Build.0 = Release|Any CPU
		{A7FB0FED-3B51-4E0A-BE41-7DFFBF02ABB2}.Release|Any CPU.ActiveCfg = Release|Any CPU
		{A7FB0FED-3B51-4E0A-BE41-7DFFBF02ABB2}.Release|Any CPU.Build.0 = Release|Any CPU
		{529968B9-A6FA-4E39-AEAD-E7E92B54F3B3}.Debug|Any CPU.ActiveCfg = Debug|Any CPU
		{529968B9-A6FA-4E39-AEAD-E7E92B54F3B3}.Debug|Any CPU.Build.0 = Debug|Any CPU
		{529968B9-A6FA-4E39-AEAD-E7E92B54F3B3}.Debug|Any CPU.Deploy.0 = Debug|Any CPU
		{529968B9-A6FA-4E39-AEAD-E7E92B54F3B3}.Mono|Any CPU.ActiveCfg = Release|Any CPU
		{529968B9-A6FA-4E39-AEAD-E7E92B54F3B3}.Mono|Any CPU.Build.0 = Release|Any CPU
		{529968B9-A6FA-4E39-AEAD-E7E92B54F3B3}.Mono|Any CPU.Deploy.0 = Release|Any CPU
		{529968B9-A6FA-4E39-AEAD-E7E92B54F3B3}.MonoRelease|Any CPU.ActiveCfg = Release|Any CPU
		{529968B9-A6FA-4E39-AEAD-E7E92B54F3B3}.MonoRelease|Any CPU.Build.0 = Release|Any CPU
		{529968B9-A6FA-4E39-AEAD-E7E92B54F3B3}.MonoRelease|Any CPU.Deploy.0 = Release|Any CPU
		{529968B9-A6FA-4E39-AEAD-E7E92B54F3B3}.Release|Any CPU.ActiveCfg = Release|Any CPU
		{529968B9-A6FA-4E39-AEAD-E7E92B54F3B3}.Release|Any CPU.Build.0 = Release|Any CPU
		{529968B9-A6FA-4E39-AEAD-E7E92B54F3B3}.Release|Any CPU.Deploy.0 = Release|Any CPU
		{A8CCF42C-78C0-4178-9977-90DFF70EF315}.Debug|Any CPU.ActiveCfg = Debug|Any CPU
		{A8CCF42C-78C0-4178-9977-90DFF70EF315}.Debug|Any CPU.Build.0 = Debug|Any CPU
		{A8CCF42C-78C0-4178-9977-90DFF70EF315}.Mono|Any CPU.ActiveCfg = Release|Any CPU
		{A8CCF42C-78C0-4178-9977-90DFF70EF315}.Mono|Any CPU.Build.0 = Release|Any CPU
		{A8CCF42C-78C0-4178-9977-90DFF70EF315}.MonoRelease|Any CPU.ActiveCfg = Release|Any CPU
		{A8CCF42C-78C0-4178-9977-90DFF70EF315}.MonoRelease|Any CPU.Build.0 = Release|Any CPU
		{A8CCF42C-78C0-4178-9977-90DFF70EF315}.Release|Any CPU.ActiveCfg = Release|Any CPU
		{A8CCF42C-78C0-4178-9977-90DFF70EF315}.Release|Any CPU.Build.0 = Release|Any CPU
		{8C765F4E-666C-4C22-8855-DC3B86BE371D}.Debug|Any CPU.ActiveCfg = Debug|Any CPU
		{8C765F4E-666C-4C22-8855-DC3B86BE371D}.Debug|Any CPU.Build.0 = Debug|Any CPU
		{8C765F4E-666C-4C22-8855-DC3B86BE371D}.Mono|Any CPU.ActiveCfg = Release|Any CPU
		{8C765F4E-666C-4C22-8855-DC3B86BE371D}.Mono|Any CPU.Build.0 = Release|Any CPU
		{8C765F4E-666C-4C22-8855-DC3B86BE371D}.MonoRelease|Any CPU.ActiveCfg = Release|Any CPU
		{8C765F4E-666C-4C22-8855-DC3B86BE371D}.MonoRelease|Any CPU.Build.0 = Release|Any CPU
		{8C765F4E-666C-4C22-8855-DC3B86BE371D}.Release|Any CPU.ActiveCfg = Release|Any CPU
		{8C765F4E-666C-4C22-8855-DC3B86BE371D}.Release|Any CPU.Build.0 = Release|Any CPU
		{09EA2A46-CA87-4AF8-AD98-A00DE294B1C5}.Debug|Any CPU.ActiveCfg = Debug|Any CPU
		{09EA2A46-CA87-4AF8-AD98-A00DE294B1C5}.Debug|Any CPU.Build.0 = Debug|Any CPU
		{09EA2A46-CA87-4AF8-AD98-A00DE294B1C5}.Mono|Any CPU.ActiveCfg = Release|Any CPU
		{09EA2A46-CA87-4AF8-AD98-A00DE294B1C5}.Mono|Any CPU.Build.0 = Release|Any CPU
		{09EA2A46-CA87-4AF8-AD98-A00DE294B1C5}.MonoRelease|Any CPU.ActiveCfg = Release|Any CPU
		{09EA2A46-CA87-4AF8-AD98-A00DE294B1C5}.MonoRelease|Any CPU.Build.0 = Release|Any CPU
		{09EA2A46-CA87-4AF8-AD98-A00DE294B1C5}.Release|Any CPU.ActiveCfg = Release|Any CPU
		{09EA2A46-CA87-4AF8-AD98-A00DE294B1C5}.Release|Any CPU.Build.0 = Release|Any CPU
		{A7C648EF-60D1-4524-8802-B5E8E8AE9C05}.Debug|Any CPU.ActiveCfg = Debug|Any CPU
		{A7C648EF-60D1-4524-8802-B5E8E8AE9C05}.Debug|Any CPU.Build.0 = Debug|Any CPU
		{A7C648EF-60D1-4524-8802-B5E8E8AE9C05}.Mono|Any CPU.ActiveCfg = Release|Any CPU
		{A7C648EF-60D1-4524-8802-B5E8E8AE9C05}.Mono|Any CPU.Build.0 = Release|Any CPU
		{A7C648EF-60D1-4524-8802-B5E8E8AE9C05}.MonoRelease|Any CPU.ActiveCfg = Release|Any CPU
		{A7C648EF-60D1-4524-8802-B5E8E8AE9C05}.MonoRelease|Any CPU.Build.0 = Release|Any CPU
		{A7C648EF-60D1-4524-8802-B5E8E8AE9C05}.Release|Any CPU.ActiveCfg = Release|Any CPU
		{A7C648EF-60D1-4524-8802-B5E8E8AE9C05}.Release|Any CPU.Build.0 = Release|Any CPU
		{1692D993-CBE2-4A10-9108-D2E0C91CEA1F}.Debug|Any CPU.ActiveCfg = Debug|Any CPU
		{1692D993-CBE2-4A10-9108-D2E0C91CEA1F}.Debug|Any CPU.Build.0 = Debug|Any CPU
		{1692D993-CBE2-4A10-9108-D2E0C91CEA1F}.Mono|Any CPU.ActiveCfg = Release|Any CPU
		{1692D993-CBE2-4A10-9108-D2E0C91CEA1F}.Mono|Any CPU.Build.0 = Release|Any CPU
		{1692D993-CBE2-4A10-9108-D2E0C91CEA1F}.MonoRelease|Any CPU.ActiveCfg = Release|Any CPU
		{1692D993-CBE2-4A10-9108-D2E0C91CEA1F}.MonoRelease|Any CPU.Build.0 = Release|Any CPU
		{1692D993-CBE2-4A10-9108-D2E0C91CEA1F}.Release|Any CPU.ActiveCfg = Release|Any CPU
		{1692D993-CBE2-4A10-9108-D2E0C91CEA1F}.Release|Any CPU.Build.0 = Release|Any CPU
	EndGlobalSection
	GlobalSection(SolutionProperties) = preSolution
		HideSolutionNode = FALSE
	EndGlobalSection
	GlobalSection(NestedProjects) = preSolution
		{529968B9-A6FA-4E39-AEAD-E7E92B54F3B3} = {B1EC435B-0FE9-4AAF-AB67-B7E885A4C261}
		{17A9FE2D-E35B-4134-9B78-EFECF9074C95} = {518B5F8E-D6AA-43AE-BE44-A9E4E64B814C}
		{A2F1C87D-7440-4354-9364-C3F92256CA82} = {518B5F8E-D6AA-43AE-BE44-A9E4E64B814C}
		{67FCCC49-ADB7-43B2-859F-206C87092CC3} = {518B5F8E-D6AA-43AE-BE44-A9E4E64B814C}
		{A7FB0FED-3B51-4E0A-BE41-7DFFBF02ABB2} = {17A9FE2D-E35B-4134-9B78-EFECF9074C95}
		{6C91726E-16EF-4438-9D18-DA80194C9DEB} = {17A9FE2D-E35B-4134-9B78-EFECF9074C95}
		{8C765F4E-666C-4C22-8855-DC3B86BE371D} = {A2F1C87D-7440-4354-9364-C3F92256CA82}
		{EC8E3DC6-C4DB-4501-B404-63C9CDD5FC90} = {A2F1C87D-7440-4354-9364-C3F92256CA82}
		{A69CF31D-E799-45AA-B5F9-D7C3CDB678FC} = {67FCCC49-ADB7-43B2-859F-206C87092CC3}
		{A7C648EF-60D1-4524-8802-B5E8E8AE9C05} = {67FCCC49-ADB7-43B2-859F-206C87092CC3}
		{09EA2A46-CA87-4AF8-AD98-A00DE294B1C5} = {EC8E3DC6-C4DB-4501-B404-63C9CDD5FC90}
		{A8CCF42C-78C0-4178-9977-90DFF70EF315} = {6C91726E-16EF-4438-9D18-DA80194C9DEB}
		{1692D993-CBE2-4A10-9108-D2E0C91CEA1F} = {A69CF31D-E799-45AA-B5F9-D7C3CDB678FC}
	EndGlobalSection
	GlobalSection(ExtensibilityGlobals) = postSolution
		VisualSVNWorkingCopyRoot = 
	EndGlobalSection
EndGlobal
