
Microsoft Visual Studio Solution File, Format Version 11.00
# Visual Studio 2010
Project("{2150E333-8FDC-42A3-9474-1A3956D46DE8}") = "Demos", "Demos", "{66F845F4-4CA1-4674-8272-AFAB4D293389}"
EndProject
Project("{2150E333-8FDC-42A3-9474-1A3956D46DE8}") = "Twitter", "Twitter", "{2C6299ED-1501-453B-AA36-1CBBAEBE19EE}"
EndProject
Project("{2150E333-8FDC-42A3-9474-1A3956D46DE8}") = "Core", "Core", "{42B20BB9-61B4-43E1-865B-2E039E341928}"
EndProject
Project("{2150E333-8FDC-42A3-9474-1A3956D46DE8}") = "Tests", "Tests", "{D3529B64-5029-423C-8B85-40B0E37FB8C5}"
EndProject
Project("{2150E333-8FDC-42A3-9474-1A3956D46DE8}") = "Tests", "Tests", "{CE34137D-A608-47F1-9000-33976B751849}"
EndProject
Project("{FAE04EC0-301F-11D3-BF4B-00C04F79EFBC}") = "TweetSharp.Twitter", "Net40\TweetSharp.Twitter\TweetSharp.Twitter.csproj", "{B9FFEB65-6BF4-4A61-9DD2-9EF26FAADF46}"
EndProject
Project("{FAE04EC0-301F-11D3-BF4B-00C04F79EFBC}") = "TweetSharp.Twitter.Silverlight", "Net40\TweetSharp.Twitter.Silverlight\TweetSharp.Twitter.Silverlight.csproj", "{5DE71E47-066F-43E8-B5C8-0E08DC6EBE29}"
EndProject
Project("{FAE04EC0-301F-11D3-BF4B-00C04F79EFBC}") = "Demo.Silverlight", "Demo.Silverlight\Demo.Silverlight.csproj", "{C8581BA8-6B76-4C5B-AF2F-ABCB471C0762}"
EndProject
Project("{FAE04EC0-301F-11D3-BF4B-00C04F79EFBC}") = "Demo.Silverlight.Web", "Demo.Silverlight.Web\Demo.Silverlight.Web.csproj", "{A547606E-A1D4-4747-9971-932D404392B1}"
EndProject
Project("{FAE04EC0-301F-11D3-BF4B-00C04F79EFBC}") = "TweetSharp.Silverlight", "Net40\TweetSharp.Silverlight\TweetSharp.Silverlight.csproj", "{11741E9C-13F0-4639-A2E0-D54967BE15B8}"
EndProject
Project("{FAE04EC0-301F-11D3-BF4B-00C04F79EFBC}") = "TweetSharp", "Net40\TweetSharp\TweetSharp.csproj", "{A0408FE9-6EEA-40D2-AAF6-1D3B1D3244AF}"
EndProject
Project("{FAE04EC0-301F-11D3-BF4B-00C04F79EFBC}") = "TweetSharp.WindowsPhone", "Net40\TweetSharp.WindowsPhone\TweetSharp.WindowsPhone.csproj", "{5620FDFE-C8AB-45CB-A038-5096221150B8}"
EndProject
Project("{FAE04EC0-301F-11D3-BF4B-00C04F79EFBC}") = "TweetSharp.Twitter.WindowsPhone", "Net40\TweetSharp.Twitter.WindowsPhone\TweetSharp.Twitter.WindowsPhone.csproj", "{CF8D2784-E251-4F19-8F15-36C0A4FAEB18}"
EndProject
Project("{FAE04EC0-301F-11D3-BF4B-00C04F79EFBC}") = "TweetSharp.ClientProfile", "Net40\TweetSharp.ClientProfile\TweetSharp.ClientProfile.csproj", "{B4567159-0237-41A5-B670-25B58400E0F6}"
EndProject
Project("{FAE04EC0-301F-11D3-BF4B-00C04F79EFBC}") = "TweetSharp.Twitter.ClientProfile", "Net40\TweetSharp.Twitter.ClientProfile\TweetSharp.Twitter.ClientProfile.csproj", "{105E7058-AFC4-486F-9B0A-F84A733621ED}"
EndProject
Project("{FAE04EC0-301F-11D3-BF4B-00C04F79EFBC}") = "TweetSharp.Twitter.Silverlight.UnitTests", "Net40\TweetSharp.Twitter.Silverlight.UnitTests\TweetSharp.Twitter.Silverlight.UnitTests.csproj", "{DF13CF45-9859-4770-94FE-40AD9429AD3A}"
EndProject
Project("{FAE04EC0-301F-11D3-BF4B-00C04F79EFBC}") = "TweetSharp.Silverlight.UnitTests", "Net40\TweetSharp.Silverlight.UnitTests\TweetSharp.Silverlight.UnitTests.csproj", "{66986E5C-1C9E-42C6-B843-73C74AC3025A}"
EndProject
Project("{FAE04EC0-301F-11D3-BF4B-00C04F79EFBC}") = "Demo.WindowsPhone", "Demo.WindowsPhone\Demo.WindowsPhone.csproj", "{C2587AF0-ABC5-4CBF-9737-791B75DFECE9}"
EndProject
Project("{2150E333-8FDC-42A3-9474-1A3956D46DE8}") = "Build", "Build", "{4B865A97-1F15-47EC-BD71-10DB0F4B5507}"
	ProjectSection(SolutionItems) = preProject
		BuildDemoApps.proj = BuildDemoApps.proj
		BuildNet40.proj = BuildNet40.proj
		BuildSilverlight.proj = BuildSilverlight.proj
		BuildWindows.proj = BuildWindows.proj
	EndProjectSection
EndProject
Project("{2150E333-8FDC-42A3-9474-1A3956D46DE8}") = "Yammer", "Yammer", "{D6219C9F-F342-4E7E-8631-63BC3B0E9469}"
EndProject
Project("{2150E333-8FDC-42A3-9474-1A3956D46DE8}") = "Tests", "Tests", "{F66D5A38-E321-449E-9570-672017940880}"
EndProject
Project("{FAE04EC0-301F-11D3-BF4B-00C04F79EFBC}") = "Demo.Mvc", "Demo.Mvc\Demo.Mvc.csproj", "{D6681C5F-8EFD-4D28-B4FD-4BA26CF7B944}"
EndProject
Project("{FAE04EC0-301F-11D3-BF4B-00C04F79EFBC}") = "Demo.OAuth.Desktop", "Demo.OAuth.Desktop\Demo.OAuth.Desktop.csproj", "{6B58932F-F89D-4175-A1A7-D6D3ECB1F9B4}"
EndProject
Project("{FAE04EC0-301F-11D3-BF4B-00C04F79EFBC}") = "Demo.OAuth.Web", "Demo.OAuth.Web\Demo.OAuth.Web.csproj", "{6E0898C5-E780-4B67-80CF-F9668A75BE29}"
EndProject
Project("{FAE04EC0-301F-11D3-BF4B-00C04F79EFBC}") = "Demo.OAuth.Wpf", "Demo.OAuth.Wpf\Demo.OAuth.Wpf.csproj", "{685DB239-ABD7-41B6-AE23-576D8373541B}"
EndProject
Project("{2150E333-8FDC-42A3-9474-1A3956D46DE8}") = "Net40", "Net40", "{D46BD3AB-48A5-4B5B-954D-AADAEAC11945}"
EndProject
Project("{2150E333-8FDC-42A3-9474-1A3956D46DE8}") = "Tools", "Tools", "{9CEA0AD3-58BD-4181-A60B-9003D4575C18}"
EndProject
Project("{FAE04EC0-301F-11D3-BF4B-00C04F79EFBC}") = "Twintimidator", "Twintimidator\Twintimidator\Twintimidator.csproj", "{E004F9AD-4973-4DB1-854D-DD6A39D4D54E}"
EndProject
Project("{FAE04EC0-301F-11D3-BF4B-00C04F79EFBC}") = "Twintimidator.UnitTests", "Twintimidator\Twintimidator.UnitTests\Twintimidator.UnitTests.csproj", "{AD58EDA9-5207-48B5-B403-CCE82D45410B}"
EndProject
Project("{FAE04EC0-301F-11D3-BF4B-00C04F79EFBC}") = "TweetSharp.Yammer", "Net40\TweetSharp.Yammer\TweetSharp.Yammer.csproj", "{C477057B-500B-4D9F-B7E1-8306538714F8}"
EndProject
Project("{FAE04EC0-301F-11D3-BF4B-00C04F79EFBC}") = "TweetSharp.Yammer.Silverlight", "Net40\TweetSharp.Yammer.Silverlight\TweetSharp.Yammer.Silverlight.csproj", "{611EEA1C-0088-42B8-800E-7C70B474C35A}"
EndProject
Project("{FAE04EC0-301F-11D3-BF4B-00C04F79EFBC}") = "TweetSharp.Yammer.UnitTests", "Net40\TweetSharp.Yammer.UnitTests\TweetSharp.Yammer.UnitTests.csproj", "{EB3DC064-D88D-42C0-B8A8-BA0A5FB8416E}"
EndProject
Project("{FAE04EC0-301F-11D3-BF4B-00C04F79EFBC}") = "TweetSharp.UnitTests", "Net40\TweetSharp.UnitTests\TweetSharp.UnitTests.csproj", "{2868CA03-2BEA-4FC1-B3EC-F3EDACDE2B20}"
EndProject
Project("{FAE04EC0-301F-11D3-BF4B-00C04F79EFBC}") = "TweetSharp.Twitter.UnitTests", "Net40\TweetSharp.Twitter.UnitTests\TweetSharp.Twitter.UnitTests.csproj", "{E1E462DE-6F92-441A-B4CF-AFE54B49494D}"
EndProject
Project("{2150E333-8FDC-42A3-9474-1A3956D46DE8}") = "Net35", "Net35", "{7B61BCDC-1306-4509-97AF-790C3948459A}"
EndProject
Project("{FAE04EC0-301F-11D3-BF4B-00C04F79EFBC}") = "TweetSharp", "net35\TweetSharp\TweetSharp.csproj", "{E53CE5C3-6488-4DEA-A263-7AD535B3FA0E}"
EndProject
Project("{FAE04EC0-301F-11D3-BF4B-00C04F79EFBC}") = "TweetSharp.Twitter", "net35\TweetSharp.Twitter\TweetSharp.Twitter.csproj", "{1C9E3CBF-A9AC-40F4-82E0-3EC4E9A5B152}"
EndProject
Project("{2150E333-8FDC-42A3-9474-1A3956D46DE8}") = "Core", "Core", "{CACE9626-3626-4C17-9C63-2999AFE82B41}"
EndProject
Project("{2150E333-8FDC-42A3-9474-1A3956D46DE8}") = "Twitter", "Twitter", "{8A344CF5-0C2F-4B69-B196-743D855CD597}"
EndProject
Project("{2150E333-8FDC-42A3-9474-1A3956D46DE8}") = "Yammer", "Yammer", "{ACB3B209-D6B2-4E9D-B001-9F4975E4129D}"
EndProject
Project("{FAE04EC0-301F-11D3-BF4B-00C04F79EFBC}") = "TweetSharp.Twitter.Silverlight", "net35\TweetSharp.Twitter.Silverlight\TweetSharp.Twitter.Silverlight.csproj", "{2633D9F3-39AB-4312-B304-E57EF86C721F}"
EndProject
Project("{FAE04EC0-301F-11D3-BF4B-00C04F79EFBC}") = "TweetSharp.Silverlight", "net35\TweetSharp.Silverlight\TweetSharp.Silverlight.csproj", "{DABBF80F-7B6E-4241-88A8-568D8BFD61CE}"
EndProject
Project("{FAE04EC0-301F-11D3-BF4B-00C04F79EFBC}") = "TweetSharp.Yammer", "net35\Tweetsharp.Yammer\TweetSharp.Yammer.csproj", "{886B31A6-1CF1-4180-B2C7-37D920E0A7F2}"
EndProject
Project("{2150E333-8FDC-42A3-9474-1A3956D46DE8}") = "Tests", "Tests", "{429C814B-0ADC-4405-93FA-662500F5B8F9}"
EndProject
Project("{FAE04EC0-301F-11D3-BF4B-00C04F79EFBC}") = "TweetSharp.Yammer.UnitTests", "net35\TweetSharp.Yammer.UnitTests\TweetSharp.Yammer.UnitTests.csproj", "{663303C8-3E2A-4164-A011-472C30E705A7}"
EndProject
Project("{2150E333-8FDC-42A3-9474-1A3956D46DE8}") = "Tests", "Tests", "{081D9DEE-1C98-4884-8FB6-D6666CB48189}"
EndProject
Project("{FAE04EC0-301F-11D3-BF4B-00C04F79EFBC}") = "TweetSharp.UnitTests", "net35\TweetSharp.UnitTests\TweetSharp.UnitTests.csproj", "{88CA3460-06F7-41D1-8D37-B51B664F1007}"
EndProject
Project("{2150E333-8FDC-42A3-9474-1A3956D46DE8}") = "Tests", "Tests", "{31D10014-4429-471F-8043-5CDF7FF2D404}"
EndProject
Project("{FAE04EC0-301F-11D3-BF4B-00C04F79EFBC}") = "TweetSharp.Twitter.UnitTests", "net35\TweetSharp.Twitter.UnitTests\TweetSharp.Twitter.UnitTests.csproj", "{0976545C-B2CB-4CF6-9FFF-68433F79BC04}"
EndProject
Project("{FAE04EC0-301F-11D3-BF4B-00C04F79EFBC}") = "TweetSharp.Twitter.Extras", "net35\TweetSharp.Twitter.Extras\TweetSharp.Twitter.Extras.csproj", "{F7FD0B73-10EF-46BF-80F7-6A97DDDD38C0}"
EndProject
Project("{FAE04EC0-301F-11D3-BF4B-00C04F79EFBC}") = "TweetSharp.Twitter.Extras", "Net40\TweetSharp.Extras\TweetSharp.Twitter.Extras.csproj", "{6F101FBE-7229-4511-938A-A43139DA6B23}"
EndProject
Project("{FAE04EC0-301F-11D3-BF4B-00C04F79EFBC}") = "TweetSharp.ClientProfile.UnitTests", "Net40\TweetSharp.ClientProfile.UnitTests\TweetSharp.ClientProfile.UnitTests.csproj", "{2A1F1216-331F-4A77-B7D1-11B35445DCA5}"
EndProject
Project("{FAE04EC0-301F-11D3-BF4B-00C04F79EFBC}") = "TweetSharp.Twitter.ClientProfile.UnitTests", "Net40\TweetSharp.Twitter.ClientProfile.UnitTests\TweetSharp.Twitter.ClientProfile.UnitTests.csproj", "{5E8A4AD7-8BDC-45D5-BC7F-2AFC35426685}"
EndProject
Project("{FAE04EC0-301F-11D3-BF4B-00C04F79EFBC}") = "Streaming", "Streaming\Streaming.csproj", "{28D8D0BD-92D2-4AA3-9850-C731D7F1D4E4}"
EndProject
Global
	GlobalSection(SolutionConfigurationPlatforms) = preSolution
		Debug|Any CPU = Debug|Any CPU
		Debug|Mixed Platforms = Debug|Mixed Platforms
		Debug|x86 = Debug|x86
		Mono|Any CPU = Mono|Any CPU
		Mono|Mixed Platforms = Mono|Mixed Platforms
		Mono|x86 = Mono|x86
		Release|Any CPU = Release|Any CPU
		Release|Mixed Platforms = Release|Mixed Platforms
		Release|x86 = Release|x86
	EndGlobalSection
	GlobalSection(ProjectConfigurationPlatforms) = postSolution
		{B9FFEB65-6BF4-4A61-9DD2-9EF26FAADF46}.Debug|Any CPU.ActiveCfg = Debug|Any CPU
		{B9FFEB65-6BF4-4A61-9DD2-9EF26FAADF46}.Debug|Any CPU.Build.0 = Debug|Any CPU
		{B9FFEB65-6BF4-4A61-9DD2-9EF26FAADF46}.Debug|Mixed Platforms.ActiveCfg = Debug|Any CPU
		{B9FFEB65-6BF4-4A61-9DD2-9EF26FAADF46}.Debug|Mixed Platforms.Build.0 = Debug|Any CPU
		{B9FFEB65-6BF4-4A61-9DD2-9EF26FAADF46}.Debug|x86.ActiveCfg = Debug|Any CPU
		{B9FFEB65-6BF4-4A61-9DD2-9EF26FAADF46}.Mono|Any CPU.ActiveCfg = Release|Any CPU
		{B9FFEB65-6BF4-4A61-9DD2-9EF26FAADF46}.Mono|Any CPU.Build.0 = Release|Any CPU
		{B9FFEB65-6BF4-4A61-9DD2-9EF26FAADF46}.Mono|Mixed Platforms.ActiveCfg = Release|Any CPU
		{B9FFEB65-6BF4-4A61-9DD2-9EF26FAADF46}.Mono|Mixed Platforms.Build.0 = Release|Any CPU
		{B9FFEB65-6BF4-4A61-9DD2-9EF26FAADF46}.Mono|x86.ActiveCfg = Release|Any CPU
		{B9FFEB65-6BF4-4A61-9DD2-9EF26FAADF46}.Release|Any CPU.ActiveCfg = Release|Any CPU
		{B9FFEB65-6BF4-4A61-9DD2-9EF26FAADF46}.Release|Any CPU.Build.0 = Release|Any CPU
		{B9FFEB65-6BF4-4A61-9DD2-9EF26FAADF46}.Release|Mixed Platforms.ActiveCfg = Release|Any CPU
		{B9FFEB65-6BF4-4A61-9DD2-9EF26FAADF46}.Release|Mixed Platforms.Build.0 = Release|Any CPU
		{B9FFEB65-6BF4-4A61-9DD2-9EF26FAADF46}.Release|x86.ActiveCfg = Release|Any CPU
		{5DE71E47-066F-43E8-B5C8-0E08DC6EBE29}.Debug|Any CPU.ActiveCfg = Debug|Any CPU
		{5DE71E47-066F-43E8-B5C8-0E08DC6EBE29}.Debug|Any CPU.Build.0 = Debug|Any CPU
		{5DE71E47-066F-43E8-B5C8-0E08DC6EBE29}.Debug|Mixed Platforms.ActiveCfg = Debug|Any CPU
		{5DE71E47-066F-43E8-B5C8-0E08DC6EBE29}.Debug|Mixed Platforms.Build.0 = Debug|Any CPU
		{5DE71E47-066F-43E8-B5C8-0E08DC6EBE29}.Debug|x86.ActiveCfg = Debug|Any CPU
		{5DE71E47-066F-43E8-B5C8-0E08DC6EBE29}.Mono|Any CPU.ActiveCfg = Release|Any CPU
		{5DE71E47-066F-43E8-B5C8-0E08DC6EBE29}.Mono|Any CPU.Build.0 = Release|Any CPU
		{5DE71E47-066F-43E8-B5C8-0E08DC6EBE29}.Mono|Mixed Platforms.ActiveCfg = Release|Any CPU
		{5DE71E47-066F-43E8-B5C8-0E08DC6EBE29}.Mono|Mixed Platforms.Build.0 = Release|Any CPU
		{5DE71E47-066F-43E8-B5C8-0E08DC6EBE29}.Mono|x86.ActiveCfg = Release|Any CPU
		{5DE71E47-066F-43E8-B5C8-0E08DC6EBE29}.Release|Any CPU.ActiveCfg = Release|Any CPU
		{5DE71E47-066F-43E8-B5C8-0E08DC6EBE29}.Release|Any CPU.Build.0 = Release|Any CPU
		{5DE71E47-066F-43E8-B5C8-0E08DC6EBE29}.Release|Mixed Platforms.ActiveCfg = Release|Any CPU
		{5DE71E47-066F-43E8-B5C8-0E08DC6EBE29}.Release|Mixed Platforms.Build.0 = Release|Any CPU
		{5DE71E47-066F-43E8-B5C8-0E08DC6EBE29}.Release|x86.ActiveCfg = Release|Any CPU
		{C8581BA8-6B76-4C5B-AF2F-ABCB471C0762}.Debug|Any CPU.ActiveCfg = Debug|Any CPU
		{C8581BA8-6B76-4C5B-AF2F-ABCB471C0762}.Debug|Any CPU.Build.0 = Debug|Any CPU
		{C8581BA8-6B76-4C5B-AF2F-ABCB471C0762}.Debug|Mixed Platforms.ActiveCfg = Debug|Any CPU
		{C8581BA8-6B76-4C5B-AF2F-ABCB471C0762}.Debug|Mixed Platforms.Build.0 = Debug|Any CPU
		{C8581BA8-6B76-4C5B-AF2F-ABCB471C0762}.Debug|x86.ActiveCfg = Debug|Any CPU
		{C8581BA8-6B76-4C5B-AF2F-ABCB471C0762}.Mono|Any CPU.ActiveCfg = Release|Any CPU
		{C8581BA8-6B76-4C5B-AF2F-ABCB471C0762}.Mono|Any CPU.Build.0 = Release|Any CPU
		{C8581BA8-6B76-4C5B-AF2F-ABCB471C0762}.Mono|Mixed Platforms.ActiveCfg = Release|Any CPU
		{C8581BA8-6B76-4C5B-AF2F-ABCB471C0762}.Mono|Mixed Platforms.Build.0 = Release|Any CPU
		{C8581BA8-6B76-4C5B-AF2F-ABCB471C0762}.Mono|x86.ActiveCfg = Release|Any CPU
		{C8581BA8-6B76-4C5B-AF2F-ABCB471C0762}.Release|Any CPU.ActiveCfg = Release|Any CPU
		{C8581BA8-6B76-4C5B-AF2F-ABCB471C0762}.Release|Any CPU.Build.0 = Release|Any CPU
		{C8581BA8-6B76-4C5B-AF2F-ABCB471C0762}.Release|Mixed Platforms.ActiveCfg = Release|Any CPU
		{C8581BA8-6B76-4C5B-AF2F-ABCB471C0762}.Release|Mixed Platforms.Build.0 = Release|Any CPU
		{C8581BA8-6B76-4C5B-AF2F-ABCB471C0762}.Release|x86.ActiveCfg = Release|Any CPU
		{A547606E-A1D4-4747-9971-932D404392B1}.Debug|Any CPU.ActiveCfg = Debug|Any CPU
		{A547606E-A1D4-4747-9971-932D404392B1}.Debug|Any CPU.Build.0 = Debug|Any CPU
		{A547606E-A1D4-4747-9971-932D404392B1}.Debug|Mixed Platforms.ActiveCfg = Debug|Any CPU
		{A547606E-A1D4-4747-9971-932D404392B1}.Debug|Mixed Platforms.Build.0 = Debug|Any CPU
		{A547606E-A1D4-4747-9971-932D404392B1}.Debug|x86.ActiveCfg = Debug|Any CPU
		{A547606E-A1D4-4747-9971-932D404392B1}.Mono|Any CPU.ActiveCfg = Release|Any CPU
		{A547606E-A1D4-4747-9971-932D404392B1}.Mono|Any CPU.Build.0 = Release|Any CPU
		{A547606E-A1D4-4747-9971-932D404392B1}.Mono|Mixed Platforms.ActiveCfg = Release|Any CPU
		{A547606E-A1D4-4747-9971-932D404392B1}.Mono|Mixed Platforms.Build.0 = Release|Any CPU
		{A547606E-A1D4-4747-9971-932D404392B1}.Mono|x86.ActiveCfg = Release|Any CPU
		{A547606E-A1D4-4747-9971-932D404392B1}.Release|Any CPU.ActiveCfg = Release|Any CPU
		{A547606E-A1D4-4747-9971-932D404392B1}.Release|Any CPU.Build.0 = Release|Any CPU
		{A547606E-A1D4-4747-9971-932D404392B1}.Release|Mixed Platforms.ActiveCfg = Release|Any CPU
		{A547606E-A1D4-4747-9971-932D404392B1}.Release|Mixed Platforms.Build.0 = Release|Any CPU
		{A547606E-A1D4-4747-9971-932D404392B1}.Release|x86.ActiveCfg = Release|Any CPU
		{11741E9C-13F0-4639-A2E0-D54967BE15B8}.Debug|Any CPU.ActiveCfg = Debug|Any CPU
		{11741E9C-13F0-4639-A2E0-D54967BE15B8}.Debug|Any CPU.Build.0 = Debug|Any CPU
		{11741E9C-13F0-4639-A2E0-D54967BE15B8}.Debug|Mixed Platforms.ActiveCfg = Debug|Any CPU
		{11741E9C-13F0-4639-A2E0-D54967BE15B8}.Debug|Mixed Platforms.Build.0 = Debug|Any CPU
		{11741E9C-13F0-4639-A2E0-D54967BE15B8}.Debug|x86.ActiveCfg = Debug|Any CPU
		{11741E9C-13F0-4639-A2E0-D54967BE15B8}.Mono|Any CPU.ActiveCfg = Release|Any CPU
		{11741E9C-13F0-4639-A2E0-D54967BE15B8}.Mono|Any CPU.Build.0 = Release|Any CPU
		{11741E9C-13F0-4639-A2E0-D54967BE15B8}.Mono|Mixed Platforms.ActiveCfg = Release|Any CPU
		{11741E9C-13F0-4639-A2E0-D54967BE15B8}.Mono|Mixed Platforms.Build.0 = Release|Any CPU
		{11741E9C-13F0-4639-A2E0-D54967BE15B8}.Mono|x86.ActiveCfg = Release|Any CPU
		{11741E9C-13F0-4639-A2E0-D54967BE15B8}.Release|Any CPU.ActiveCfg = Release|Any CPU
		{11741E9C-13F0-4639-A2E0-D54967BE15B8}.Release|Any CPU.Build.0 = Release|Any CPU
		{11741E9C-13F0-4639-A2E0-D54967BE15B8}.Release|Mixed Platforms.ActiveCfg = Release|Any CPU
		{11741E9C-13F0-4639-A2E0-D54967BE15B8}.Release|Mixed Platforms.Build.0 = Release|Any CPU
		{11741E9C-13F0-4639-A2E0-D54967BE15B8}.Release|x86.ActiveCfg = Release|Any CPU
		{A0408FE9-6EEA-40D2-AAF6-1D3B1D3244AF}.Debug|Any CPU.ActiveCfg = Debug|Any CPU
		{A0408FE9-6EEA-40D2-AAF6-1D3B1D3244AF}.Debug|Any CPU.Build.0 = Debug|Any CPU
		{A0408FE9-6EEA-40D2-AAF6-1D3B1D3244AF}.Debug|Mixed Platforms.ActiveCfg = Debug|Any CPU
		{A0408FE9-6EEA-40D2-AAF6-1D3B1D3244AF}.Debug|Mixed Platforms.Build.0 = Debug|Any CPU
		{A0408FE9-6EEA-40D2-AAF6-1D3B1D3244AF}.Debug|x86.ActiveCfg = Debug|Any CPU
		{A0408FE9-6EEA-40D2-AAF6-1D3B1D3244AF}.Mono|Any CPU.ActiveCfg = Mono|Any CPU
		{A0408FE9-6EEA-40D2-AAF6-1D3B1D3244AF}.Mono|Any CPU.Build.0 = Mono|Any CPU
		{A0408FE9-6EEA-40D2-AAF6-1D3B1D3244AF}.Mono|Mixed Platforms.ActiveCfg = Mono|Any CPU
		{A0408FE9-6EEA-40D2-AAF6-1D3B1D3244AF}.Mono|Mixed Platforms.Build.0 = Mono|Any CPU
		{A0408FE9-6EEA-40D2-AAF6-1D3B1D3244AF}.Mono|x86.ActiveCfg = Mono|Any CPU
		{A0408FE9-6EEA-40D2-AAF6-1D3B1D3244AF}.Release|Any CPU.ActiveCfg = Release|Any CPU
		{A0408FE9-6EEA-40D2-AAF6-1D3B1D3244AF}.Release|Any CPU.Build.0 = Release|Any CPU
		{A0408FE9-6EEA-40D2-AAF6-1D3B1D3244AF}.Release|Mixed Platforms.ActiveCfg = Release|Any CPU
		{A0408FE9-6EEA-40D2-AAF6-1D3B1D3244AF}.Release|Mixed Platforms.Build.0 = Release|Any CPU
		{A0408FE9-6EEA-40D2-AAF6-1D3B1D3244AF}.Release|x86.ActiveCfg = Release|Any CPU
		{5620FDFE-C8AB-45CB-A038-5096221150B8}.Debug|Any CPU.ActiveCfg = Debug|Any CPU
		{5620FDFE-C8AB-45CB-A038-5096221150B8}.Debug|Any CPU.Build.0 = Debug|Any CPU
		{5620FDFE-C8AB-45CB-A038-5096221150B8}.Debug|Mixed Platforms.ActiveCfg = Debug|Any CPU
		{5620FDFE-C8AB-45CB-A038-5096221150B8}.Debug|x86.ActiveCfg = Debug|Any CPU
		{5620FDFE-C8AB-45CB-A038-5096221150B8}.Mono|Any CPU.ActiveCfg = Release|Any CPU
		{5620FDFE-C8AB-45CB-A038-5096221150B8}.Mono|Any CPU.Build.0 = Release|Any CPU
		{5620FDFE-C8AB-45CB-A038-5096221150B8}.Mono|Mixed Platforms.ActiveCfg = Release|Any CPU
		{5620FDFE-C8AB-45CB-A038-5096221150B8}.Mono|x86.ActiveCfg = Release|Any CPU
		{5620FDFE-C8AB-45CB-A038-5096221150B8}.Release|Any CPU.ActiveCfg = Release|Any CPU
		{5620FDFE-C8AB-45CB-A038-5096221150B8}.Release|Any CPU.Build.0 = Release|Any CPU
		{5620FDFE-C8AB-45CB-A038-5096221150B8}.Release|Mixed Platforms.ActiveCfg = Release|Any CPU
		{5620FDFE-C8AB-45CB-A038-5096221150B8}.Release|x86.ActiveCfg = Release|Any CPU
		{CF8D2784-E251-4F19-8F15-36C0A4FAEB18}.Debug|Any CPU.ActiveCfg = Debug|Any CPU
		{CF8D2784-E251-4F19-8F15-36C0A4FAEB18}.Debug|Any CPU.Build.0 = Debug|Any CPU
		{CF8D2784-E251-4F19-8F15-36C0A4FAEB18}.Debug|Mixed Platforms.ActiveCfg = Debug|Any CPU
		{CF8D2784-E251-4F19-8F15-36C0A4FAEB18}.Debug|x86.ActiveCfg = Debug|Any CPU
		{CF8D2784-E251-4F19-8F15-36C0A4FAEB18}.Mono|Any CPU.ActiveCfg = Release|Any CPU
		{CF8D2784-E251-4F19-8F15-36C0A4FAEB18}.Mono|Any CPU.Build.0 = Release|Any CPU
		{CF8D2784-E251-4F19-8F15-36C0A4FAEB18}.Mono|Mixed Platforms.ActiveCfg = Release|Any CPU
		{CF8D2784-E251-4F19-8F15-36C0A4FAEB18}.Mono|x86.ActiveCfg = Release|Any CPU
		{CF8D2784-E251-4F19-8F15-36C0A4FAEB18}.Release|Any CPU.ActiveCfg = Release|Any CPU
		{CF8D2784-E251-4F19-8F15-36C0A4FAEB18}.Release|Any CPU.Build.0 = Release|Any CPU
		{CF8D2784-E251-4F19-8F15-36C0A4FAEB18}.Release|Mixed Platforms.ActiveCfg = Release|Any CPU
		{CF8D2784-E251-4F19-8F15-36C0A4FAEB18}.Release|x86.ActiveCfg = Release|Any CPU
		{B4567159-0237-41A5-B670-25B58400E0F6}.Debug|Any CPU.ActiveCfg = Debug|Any CPU
		{B4567159-0237-41A5-B670-25B58400E0F6}.Debug|Any CPU.Build.0 = Debug|Any CPU
		{B4567159-0237-41A5-B670-25B58400E0F6}.Debug|Mixed Platforms.ActiveCfg = Debug|Any CPU
		{B4567159-0237-41A5-B670-25B58400E0F6}.Debug|Mixed Platforms.Build.0 = Debug|Any CPU
		{B4567159-0237-41A5-B670-25B58400E0F6}.Debug|x86.ActiveCfg = Debug|Any CPU
		{B4567159-0237-41A5-B670-25B58400E0F6}.Mono|Any CPU.ActiveCfg = Release|Any CPU
		{B4567159-0237-41A5-B670-25B58400E0F6}.Mono|Any CPU.Build.0 = Release|Any CPU
		{B4567159-0237-41A5-B670-25B58400E0F6}.Mono|Mixed Platforms.ActiveCfg = Release|Any CPU
		{B4567159-0237-41A5-B670-25B58400E0F6}.Mono|Mixed Platforms.Build.0 = Release|Any CPU
		{B4567159-0237-41A5-B670-25B58400E0F6}.Mono|x86.ActiveCfg = Release|Any CPU
		{B4567159-0237-41A5-B670-25B58400E0F6}.Release|Any CPU.ActiveCfg = Release|Any CPU
		{B4567159-0237-41A5-B670-25B58400E0F6}.Release|Any CPU.Build.0 = Release|Any CPU
		{B4567159-0237-41A5-B670-25B58400E0F6}.Release|Mixed Platforms.ActiveCfg = Release|Any CPU
		{B4567159-0237-41A5-B670-25B58400E0F6}.Release|Mixed Platforms.Build.0 = Release|Any CPU
		{B4567159-0237-41A5-B670-25B58400E0F6}.Release|x86.ActiveCfg = Release|Any CPU
		{105E7058-AFC4-486F-9B0A-F84A733621ED}.Debug|Any CPU.ActiveCfg = Debug|Any CPU
		{105E7058-AFC4-486F-9B0A-F84A733621ED}.Debug|Any CPU.Build.0 = Debug|Any CPU
		{105E7058-AFC4-486F-9B0A-F84A733621ED}.Debug|Mixed Platforms.ActiveCfg = Debug|Any CPU
		{105E7058-AFC4-486F-9B0A-F84A733621ED}.Debug|Mixed Platforms.Build.0 = Debug|Any CPU
		{105E7058-AFC4-486F-9B0A-F84A733621ED}.Debug|x86.ActiveCfg = Debug|Any CPU
		{105E7058-AFC4-486F-9B0A-F84A733621ED}.Mono|Any CPU.ActiveCfg = Release|Any CPU
		{105E7058-AFC4-486F-9B0A-F84A733621ED}.Mono|Any CPU.Build.0 = Release|Any CPU
		{105E7058-AFC4-486F-9B0A-F84A733621ED}.Mono|Mixed Platforms.ActiveCfg = Release|Any CPU
		{105E7058-AFC4-486F-9B0A-F84A733621ED}.Mono|Mixed Platforms.Build.0 = Release|Any CPU
		{105E7058-AFC4-486F-9B0A-F84A733621ED}.Mono|x86.ActiveCfg = Release|Any CPU
		{105E7058-AFC4-486F-9B0A-F84A733621ED}.Release|Any CPU.ActiveCfg = Release|Any CPU
		{105E7058-AFC4-486F-9B0A-F84A733621ED}.Release|Any CPU.Build.0 = Release|Any CPU
		{105E7058-AFC4-486F-9B0A-F84A733621ED}.Release|Mixed Platforms.ActiveCfg = Release|Any CPU
		{105E7058-AFC4-486F-9B0A-F84A733621ED}.Release|Mixed Platforms.Build.0 = Release|Any CPU
		{105E7058-AFC4-486F-9B0A-F84A733621ED}.Release|x86.ActiveCfg = Release|Any CPU
		{DF13CF45-9859-4770-94FE-40AD9429AD3A}.Debug|Any CPU.ActiveCfg = Debug|Any CPU
		{DF13CF45-9859-4770-94FE-40AD9429AD3A}.Debug|Any CPU.Build.0 = Debug|Any CPU
		{DF13CF45-9859-4770-94FE-40AD9429AD3A}.Debug|Mixed Platforms.ActiveCfg = Debug|Any CPU
		{DF13CF45-9859-4770-94FE-40AD9429AD3A}.Debug|Mixed Platforms.Build.0 = Debug|Any CPU
		{DF13CF45-9859-4770-94FE-40AD9429AD3A}.Debug|x86.ActiveCfg = Debug|Any CPU
		{DF13CF45-9859-4770-94FE-40AD9429AD3A}.Mono|Any CPU.ActiveCfg = Release|Any CPU
		{DF13CF45-9859-4770-94FE-40AD9429AD3A}.Mono|Any CPU.Build.0 = Release|Any CPU
		{DF13CF45-9859-4770-94FE-40AD9429AD3A}.Mono|Mixed Platforms.ActiveCfg = Release|Any CPU
		{DF13CF45-9859-4770-94FE-40AD9429AD3A}.Mono|Mixed Platforms.Build.0 = Release|Any CPU
		{DF13CF45-9859-4770-94FE-40AD9429AD3A}.Mono|x86.ActiveCfg = Release|Any CPU
		{DF13CF45-9859-4770-94FE-40AD9429AD3A}.Release|Any CPU.ActiveCfg = Release|Any CPU
		{DF13CF45-9859-4770-94FE-40AD9429AD3A}.Release|Any CPU.Build.0 = Release|Any CPU
		{DF13CF45-9859-4770-94FE-40AD9429AD3A}.Release|Mixed Platforms.ActiveCfg = Release|Any CPU
		{DF13CF45-9859-4770-94FE-40AD9429AD3A}.Release|Mixed Platforms.Build.0 = Release|Any CPU
		{DF13CF45-9859-4770-94FE-40AD9429AD3A}.Release|x86.ActiveCfg = Release|Any CPU
		{66986E5C-1C9E-42C6-B843-73C74AC3025A}.Debug|Any CPU.ActiveCfg = Debug|Any CPU
		{66986E5C-1C9E-42C6-B843-73C74AC3025A}.Debug|Any CPU.Build.0 = Debug|Any CPU
		{66986E5C-1C9E-42C6-B843-73C74AC3025A}.Debug|Mixed Platforms.ActiveCfg = Debug|Any CPU
		{66986E5C-1C9E-42C6-B843-73C74AC3025A}.Debug|Mixed Platforms.Build.0 = Debug|Any CPU
		{66986E5C-1C9E-42C6-B843-73C74AC3025A}.Debug|x86.ActiveCfg = Debug|Any CPU
		{66986E5C-1C9E-42C6-B843-73C74AC3025A}.Mono|Any CPU.ActiveCfg = Release|Any CPU
		{66986E5C-1C9E-42C6-B843-73C74AC3025A}.Mono|Any CPU.Build.0 = Release|Any CPU
		{66986E5C-1C9E-42C6-B843-73C74AC3025A}.Mono|Mixed Platforms.ActiveCfg = Release|Any CPU
		{66986E5C-1C9E-42C6-B843-73C74AC3025A}.Mono|Mixed Platforms.Build.0 = Release|Any CPU
		{66986E5C-1C9E-42C6-B843-73C74AC3025A}.Mono|x86.ActiveCfg = Release|Any CPU
		{66986E5C-1C9E-42C6-B843-73C74AC3025A}.Release|Any CPU.ActiveCfg = Release|Any CPU
		{66986E5C-1C9E-42C6-B843-73C74AC3025A}.Release|Any CPU.Build.0 = Release|Any CPU
		{66986E5C-1C9E-42C6-B843-73C74AC3025A}.Release|Mixed Platforms.ActiveCfg = Release|Any CPU
		{66986E5C-1C9E-42C6-B843-73C74AC3025A}.Release|Mixed Platforms.Build.0 = Release|Any CPU
		{66986E5C-1C9E-42C6-B843-73C74AC3025A}.Release|x86.ActiveCfg = Release|Any CPU
		{C2587AF0-ABC5-4CBF-9737-791B75DFECE9}.Debug|Any CPU.ActiveCfg = Debug|Any CPU
		{C2587AF0-ABC5-4CBF-9737-791B75DFECE9}.Debug|Any CPU.Build.0 = Debug|Any CPU
		{C2587AF0-ABC5-4CBF-9737-791B75DFECE9}.Debug|Any CPU.Deploy.0 = Debug|Any CPU
		{C2587AF0-ABC5-4CBF-9737-791B75DFECE9}.Debug|Mixed Platforms.ActiveCfg = Debug|Any CPU
		{C2587AF0-ABC5-4CBF-9737-791B75DFECE9}.Debug|x86.ActiveCfg = Debug|Any CPU
		{C2587AF0-ABC5-4CBF-9737-791B75DFECE9}.Mono|Any CPU.ActiveCfg = Release|Any CPU
		{C2587AF0-ABC5-4CBF-9737-791B75DFECE9}.Mono|Any CPU.Build.0 = Release|Any CPU
		{C2587AF0-ABC5-4CBF-9737-791B75DFECE9}.Mono|Any CPU.Deploy.0 = Release|Any CPU
		{C2587AF0-ABC5-4CBF-9737-791B75DFECE9}.Mono|Mixed Platforms.ActiveCfg = Release|Any CPU
		{C2587AF0-ABC5-4CBF-9737-791B75DFECE9}.Mono|x86.ActiveCfg = Release|Any CPU
		{C2587AF0-ABC5-4CBF-9737-791B75DFECE9}.Release|Any CPU.ActiveCfg = Release|Any CPU
		{C2587AF0-ABC5-4CBF-9737-791B75DFECE9}.Release|Any CPU.Build.0 = Release|Any CPU
		{C2587AF0-ABC5-4CBF-9737-791B75DFECE9}.Release|Any CPU.Deploy.0 = Release|Any CPU
		{C2587AF0-ABC5-4CBF-9737-791B75DFECE9}.Release|Mixed Platforms.ActiveCfg = Release|Any CPU
		{C2587AF0-ABC5-4CBF-9737-791B75DFECE9}.Release|x86.ActiveCfg = Release|Any CPU
		{D6681C5F-8EFD-4D28-B4FD-4BA26CF7B944}.Debug|Any CPU.ActiveCfg = Debug|Any CPU
		{D6681C5F-8EFD-4D28-B4FD-4BA26CF7B944}.Debug|Any CPU.Build.0 = Debug|Any CPU
		{D6681C5F-8EFD-4D28-B4FD-4BA26CF7B944}.Debug|Mixed Platforms.ActiveCfg = Debug|Any CPU
		{D6681C5F-8EFD-4D28-B4FD-4BA26CF7B944}.Debug|Mixed Platforms.Build.0 = Debug|Any CPU
		{D6681C5F-8EFD-4D28-B4FD-4BA26CF7B944}.Debug|x86.ActiveCfg = Debug|Any CPU
		{D6681C5F-8EFD-4D28-B4FD-4BA26CF7B944}.Mono|Any CPU.ActiveCfg = Release|Any CPU
		{D6681C5F-8EFD-4D28-B4FD-4BA26CF7B944}.Mono|Any CPU.Build.0 = Release|Any CPU
		{D6681C5F-8EFD-4D28-B4FD-4BA26CF7B944}.Mono|Mixed Platforms.ActiveCfg = Release|Any CPU
		{D6681C5F-8EFD-4D28-B4FD-4BA26CF7B944}.Mono|Mixed Platforms.Build.0 = Release|Any CPU
		{D6681C5F-8EFD-4D28-B4FD-4BA26CF7B944}.Mono|x86.ActiveCfg = Release|Any CPU
		{D6681C5F-8EFD-4D28-B4FD-4BA26CF7B944}.Release|Any CPU.ActiveCfg = Release|Any CPU
		{D6681C5F-8EFD-4D28-B4FD-4BA26CF7B944}.Release|Any CPU.Build.0 = Release|Any CPU
		{D6681C5F-8EFD-4D28-B4FD-4BA26CF7B944}.Release|Mixed Platforms.ActiveCfg = Release|Any CPU
		{D6681C5F-8EFD-4D28-B4FD-4BA26CF7B944}.Release|Mixed Platforms.Build.0 = Release|Any CPU
		{D6681C5F-8EFD-4D28-B4FD-4BA26CF7B944}.Release|x86.ActiveCfg = Release|Any CPU
		{6B58932F-F89D-4175-A1A7-D6D3ECB1F9B4}.Debug|Any CPU.ActiveCfg = Debug|Any CPU
		{6B58932F-F89D-4175-A1A7-D6D3ECB1F9B4}.Debug|Any CPU.Build.0 = Debug|Any CPU
		{6B58932F-F89D-4175-A1A7-D6D3ECB1F9B4}.Debug|Mixed Platforms.ActiveCfg = Debug|Any CPU
		{6B58932F-F89D-4175-A1A7-D6D3ECB1F9B4}.Debug|Mixed Platforms.Build.0 = Debug|Any CPU
		{6B58932F-F89D-4175-A1A7-D6D3ECB1F9B4}.Debug|x86.ActiveCfg = Debug|Any CPU
		{6B58932F-F89D-4175-A1A7-D6D3ECB1F9B4}.Mono|Any CPU.ActiveCfg = Release|Any CPU
		{6B58932F-F89D-4175-A1A7-D6D3ECB1F9B4}.Mono|Any CPU.Build.0 = Release|Any CPU
		{6B58932F-F89D-4175-A1A7-D6D3ECB1F9B4}.Mono|Mixed Platforms.ActiveCfg = Release|Any CPU
		{6B58932F-F89D-4175-A1A7-D6D3ECB1F9B4}.Mono|Mixed Platforms.Build.0 = Release|Any CPU
		{6B58932F-F89D-4175-A1A7-D6D3ECB1F9B4}.Mono|x86.ActiveCfg = Release|Any CPU
		{6B58932F-F89D-4175-A1A7-D6D3ECB1F9B4}.Release|Any CPU.ActiveCfg = Release|Any CPU
		{6B58932F-F89D-4175-A1A7-D6D3ECB1F9B4}.Release|Any CPU.Build.0 = Release|Any CPU
		{6B58932F-F89D-4175-A1A7-D6D3ECB1F9B4}.Release|Mixed Platforms.ActiveCfg = Release|Any CPU
		{6B58932F-F89D-4175-A1A7-D6D3ECB1F9B4}.Release|Mixed Platforms.Build.0 = Release|Any CPU
		{6B58932F-F89D-4175-A1A7-D6D3ECB1F9B4}.Release|x86.ActiveCfg = Release|Any CPU
		{6E0898C5-E780-4B67-80CF-F9668A75BE29}.Debug|Any CPU.ActiveCfg = Debug|Any CPU
		{6E0898C5-E780-4B67-80CF-F9668A75BE29}.Debug|Any CPU.Build.0 = Debug|Any CPU
		{6E0898C5-E780-4B67-80CF-F9668A75BE29}.Debug|Mixed Platforms.ActiveCfg = Debug|Any CPU
		{6E0898C5-E780-4B67-80CF-F9668A75BE29}.Debug|Mixed Platforms.Build.0 = Debug|Any CPU
		{6E0898C5-E780-4B67-80CF-F9668A75BE29}.Debug|x86.ActiveCfg = Debug|Any CPU
		{6E0898C5-E780-4B67-80CF-F9668A75BE29}.Mono|Any CPU.ActiveCfg = Release|Any CPU
		{6E0898C5-E780-4B67-80CF-F9668A75BE29}.Mono|Any CPU.Build.0 = Release|Any CPU
		{6E0898C5-E780-4B67-80CF-F9668A75BE29}.Mono|Mixed Platforms.ActiveCfg = Release|Any CPU
		{6E0898C5-E780-4B67-80CF-F9668A75BE29}.Mono|Mixed Platforms.Build.0 = Release|Any CPU
		{6E0898C5-E780-4B67-80CF-F9668A75BE29}.Mono|x86.ActiveCfg = Release|Any CPU
		{6E0898C5-E780-4B67-80CF-F9668A75BE29}.Release|Any CPU.ActiveCfg = Release|Any CPU
		{6E0898C5-E780-4B67-80CF-F9668A75BE29}.Release|Any CPU.Build.0 = Release|Any CPU
		{6E0898C5-E780-4B67-80CF-F9668A75BE29}.Release|Mixed Platforms.ActiveCfg = Release|Any CPU
		{6E0898C5-E780-4B67-80CF-F9668A75BE29}.Release|Mixed Platforms.Build.0 = Release|Any CPU
		{6E0898C5-E780-4B67-80CF-F9668A75BE29}.Release|x86.ActiveCfg = Release|Any CPU
		{685DB239-ABD7-41B6-AE23-576D8373541B}.Debug|Any CPU.ActiveCfg = Debug|Any CPU
		{685DB239-ABD7-41B6-AE23-576D8373541B}.Debug|Any CPU.Build.0 = Debug|Any CPU
		{685DB239-ABD7-41B6-AE23-576D8373541B}.Debug|Mixed Platforms.ActiveCfg = Debug|Any CPU
		{685DB239-ABD7-41B6-AE23-576D8373541B}.Debug|Mixed Platforms.Build.0 = Debug|Any CPU
		{685DB239-ABD7-41B6-AE23-576D8373541B}.Debug|x86.ActiveCfg = Debug|Any CPU
		{685DB239-ABD7-41B6-AE23-576D8373541B}.Mono|Any CPU.ActiveCfg = Release|Any CPU
		{685DB239-ABD7-41B6-AE23-576D8373541B}.Mono|Any CPU.Build.0 = Release|Any CPU
		{685DB239-ABD7-41B6-AE23-576D8373541B}.Mono|Mixed Platforms.ActiveCfg = Release|Any CPU
		{685DB239-ABD7-41B6-AE23-576D8373541B}.Mono|Mixed Platforms.Build.0 = Release|Any CPU
		{685DB239-ABD7-41B6-AE23-576D8373541B}.Mono|x86.ActiveCfg = Release|Any CPU
		{685DB239-ABD7-41B6-AE23-576D8373541B}.Release|Any CPU.ActiveCfg = Release|Any CPU
		{685DB239-ABD7-41B6-AE23-576D8373541B}.Release|Any CPU.Build.0 = Release|Any CPU
		{685DB239-ABD7-41B6-AE23-576D8373541B}.Release|Mixed Platforms.ActiveCfg = Release|Any CPU
		{685DB239-ABD7-41B6-AE23-576D8373541B}.Release|Mixed Platforms.Build.0 = Release|Any CPU
		{685DB239-ABD7-41B6-AE23-576D8373541B}.Release|x86.ActiveCfg = Release|Any CPU
		{E004F9AD-4973-4DB1-854D-DD6A39D4D54E}.Debug|Any CPU.ActiveCfg = Debug|Any CPU
		{E004F9AD-4973-4DB1-854D-DD6A39D4D54E}.Debug|Any CPU.Build.0 = Debug|Any CPU
		{E004F9AD-4973-4DB1-854D-DD6A39D4D54E}.Debug|Mixed Platforms.ActiveCfg = Debug|Any CPU
		{E004F9AD-4973-4DB1-854D-DD6A39D4D54E}.Debug|Mixed Platforms.Build.0 = Debug|Any CPU
		{E004F9AD-4973-4DB1-854D-DD6A39D4D54E}.Debug|x86.ActiveCfg = Debug|Any CPU
		{E004F9AD-4973-4DB1-854D-DD6A39D4D54E}.Mono|Any CPU.ActiveCfg = Release|Any CPU
		{E004F9AD-4973-4DB1-854D-DD6A39D4D54E}.Mono|Any CPU.Build.0 = Release|Any CPU
		{E004F9AD-4973-4DB1-854D-DD6A39D4D54E}.Mono|Mixed Platforms.ActiveCfg = Release|Any CPU
		{E004F9AD-4973-4DB1-854D-DD6A39D4D54E}.Mono|Mixed Platforms.Build.0 = Release|Any CPU
		{E004F9AD-4973-4DB1-854D-DD6A39D4D54E}.Mono|x86.ActiveCfg = Release|Any CPU
		{E004F9AD-4973-4DB1-854D-DD6A39D4D54E}.Release|Any CPU.ActiveCfg = Release|Any CPU
		{E004F9AD-4973-4DB1-854D-DD6A39D4D54E}.Release|Any CPU.Build.0 = Release|Any CPU
		{E004F9AD-4973-4DB1-854D-DD6A39D4D54E}.Release|Mixed Platforms.ActiveCfg = Release|Any CPU
		{E004F9AD-4973-4DB1-854D-DD6A39D4D54E}.Release|Mixed Platforms.Build.0 = Release|Any CPU
		{E004F9AD-4973-4DB1-854D-DD6A39D4D54E}.Release|x86.ActiveCfg = Release|Any CPU
		{AD58EDA9-5207-48B5-B403-CCE82D45410B}.Debug|Any CPU.ActiveCfg = Debug|Any CPU
		{AD58EDA9-5207-48B5-B403-CCE82D45410B}.Debug|Any CPU.Build.0 = Debug|Any CPU
		{AD58EDA9-5207-48B5-B403-CCE82D45410B}.Debug|Mixed Platforms.ActiveCfg = Debug|Any CPU
		{AD58EDA9-5207-48B5-B403-CCE82D45410B}.Debug|Mixed Platforms.Build.0 = Debug|Any CPU
		{AD58EDA9-5207-48B5-B403-CCE82D45410B}.Debug|x86.ActiveCfg = Debug|Any CPU
		{AD58EDA9-5207-48B5-B403-CCE82D45410B}.Mono|Any CPU.ActiveCfg = Release|Any CPU
		{AD58EDA9-5207-48B5-B403-CCE82D45410B}.Mono|Any CPU.Build.0 = Release|Any CPU
		{AD58EDA9-5207-48B5-B403-CCE82D45410B}.Mono|Mixed Platforms.ActiveCfg = Release|Any CPU
		{AD58EDA9-5207-48B5-B403-CCE82D45410B}.Mono|Mixed Platforms.Build.0 = Release|Any CPU
		{AD58EDA9-5207-48B5-B403-CCE82D45410B}.Mono|x86.ActiveCfg = Release|Any CPU
		{AD58EDA9-5207-48B5-B403-CCE82D45410B}.Release|Any CPU.ActiveCfg = Release|Any CPU
		{AD58EDA9-5207-48B5-B403-CCE82D45410B}.Release|Any CPU.Build.0 = Release|Any CPU
		{AD58EDA9-5207-48B5-B403-CCE82D45410B}.Release|Mixed Platforms.ActiveCfg = Release|Any CPU
		{AD58EDA9-5207-48B5-B403-CCE82D45410B}.Release|Mixed Platforms.Build.0 = Release|Any CPU
		{AD58EDA9-5207-48B5-B403-CCE82D45410B}.Release|x86.ActiveCfg = Release|Any CPU
		{C477057B-500B-4D9F-B7E1-8306538714F8}.Debug|Any CPU.ActiveCfg = Debug|Any CPU
		{C477057B-500B-4D9F-B7E1-8306538714F8}.Debug|Any CPU.Build.0 = Debug|Any CPU
		{C477057B-500B-4D9F-B7E1-8306538714F8}.Debug|Mixed Platforms.ActiveCfg = Debug|Any CPU
		{C477057B-500B-4D9F-B7E1-8306538714F8}.Debug|Mixed Platforms.Build.0 = Debug|Any CPU
		{C477057B-500B-4D9F-B7E1-8306538714F8}.Debug|x86.ActiveCfg = Debug|Any CPU
		{C477057B-500B-4D9F-B7E1-8306538714F8}.Mono|Any CPU.ActiveCfg = Release|Any CPU
		{C477057B-500B-4D9F-B7E1-8306538714F8}.Mono|Any CPU.Build.0 = Release|Any CPU
		{C477057B-500B-4D9F-B7E1-8306538714F8}.Mono|Mixed Platforms.ActiveCfg = Release|Any CPU
		{C477057B-500B-4D9F-B7E1-8306538714F8}.Mono|Mixed Platforms.Build.0 = Release|Any CPU
		{C477057B-500B-4D9F-B7E1-8306538714F8}.Mono|x86.ActiveCfg = Release|Any CPU
		{C477057B-500B-4D9F-B7E1-8306538714F8}.Release|Any CPU.ActiveCfg = Release|Any CPU
		{C477057B-500B-4D9F-B7E1-8306538714F8}.Release|Any CPU.Build.0 = Release|Any CPU
		{C477057B-500B-4D9F-B7E1-8306538714F8}.Release|Mixed Platforms.ActiveCfg = Release|Any CPU
		{C477057B-500B-4D9F-B7E1-8306538714F8}.Release|Mixed Platforms.Build.0 = Release|Any CPU
		{C477057B-500B-4D9F-B7E1-8306538714F8}.Release|x86.ActiveCfg = Release|Any CPU
		{611EEA1C-0088-42B8-800E-7C70B474C35A}.Debug|Any CPU.ActiveCfg = Debug|Any CPU
		{611EEA1C-0088-42B8-800E-7C70B474C35A}.Debug|Any CPU.Build.0 = Debug|Any CPU
		{611EEA1C-0088-42B8-800E-7C70B474C35A}.Debug|Mixed Platforms.ActiveCfg = Debug|Any CPU
		{611EEA1C-0088-42B8-800E-7C70B474C35A}.Debug|Mixed Platforms.Build.0 = Debug|Any CPU
		{611EEA1C-0088-42B8-800E-7C70B474C35A}.Debug|x86.ActiveCfg = Debug|Any CPU
		{611EEA1C-0088-42B8-800E-7C70B474C35A}.Mono|Any CPU.ActiveCfg = Release|Any CPU
		{611EEA1C-0088-42B8-800E-7C70B474C35A}.Mono|Any CPU.Build.0 = Release|Any CPU
		{611EEA1C-0088-42B8-800E-7C70B474C35A}.Mono|Mixed Platforms.ActiveCfg = Release|Any CPU
		{611EEA1C-0088-42B8-800E-7C70B474C35A}.Mono|Mixed Platforms.Build.0 = Release|Any CPU
		{611EEA1C-0088-42B8-800E-7C70B474C35A}.Mono|x86.ActiveCfg = Release|Any CPU
		{611EEA1C-0088-42B8-800E-7C70B474C35A}.Release|Any CPU.ActiveCfg = Release|Any CPU
		{611EEA1C-0088-42B8-800E-7C70B474C35A}.Release|Any CPU.Build.0 = Release|Any CPU
		{611EEA1C-0088-42B8-800E-7C70B474C35A}.Release|Mixed Platforms.ActiveCfg = Release|Any CPU
		{611EEA1C-0088-42B8-800E-7C70B474C35A}.Release|Mixed Platforms.Build.0 = Release|Any CPU
		{611EEA1C-0088-42B8-800E-7C70B474C35A}.Release|x86.ActiveCfg = Release|Any CPU
		{EB3DC064-D88D-42C0-B8A8-BA0A5FB8416E}.Debug|Any CPU.ActiveCfg = Debug|Any CPU
		{EB3DC064-D88D-42C0-B8A8-BA0A5FB8416E}.Debug|Any CPU.Build.0 = Debug|Any CPU
		{EB3DC064-D88D-42C0-B8A8-BA0A5FB8416E}.Debug|Mixed Platforms.ActiveCfg = Debug|Any CPU
		{EB3DC064-D88D-42C0-B8A8-BA0A5FB8416E}.Debug|Mixed Platforms.Build.0 = Debug|Any CPU
		{EB3DC064-D88D-42C0-B8A8-BA0A5FB8416E}.Debug|x86.ActiveCfg = Debug|Any CPU
		{EB3DC064-D88D-42C0-B8A8-BA0A5FB8416E}.Mono|Any CPU.ActiveCfg = Release|Any CPU
		{EB3DC064-D88D-42C0-B8A8-BA0A5FB8416E}.Mono|Any CPU.Build.0 = Release|Any CPU
		{EB3DC064-D88D-42C0-B8A8-BA0A5FB8416E}.Mono|Mixed Platforms.ActiveCfg = Release|Any CPU
		{EB3DC064-D88D-42C0-B8A8-BA0A5FB8416E}.Mono|Mixed Platforms.Build.0 = Release|Any CPU
		{EB3DC064-D88D-42C0-B8A8-BA0A5FB8416E}.Mono|x86.ActiveCfg = Release|Any CPU
		{EB3DC064-D88D-42C0-B8A8-BA0A5FB8416E}.Release|Any CPU.ActiveCfg = Release|Any CPU
		{EB3DC064-D88D-42C0-B8A8-BA0A5FB8416E}.Release|Any CPU.Build.0 = Release|Any CPU
		{EB3DC064-D88D-42C0-B8A8-BA0A5FB8416E}.Release|Mixed Platforms.ActiveCfg = Release|Any CPU
		{EB3DC064-D88D-42C0-B8A8-BA0A5FB8416E}.Release|Mixed Platforms.Build.0 = Release|Any CPU
		{EB3DC064-D88D-42C0-B8A8-BA0A5FB8416E}.Release|x86.ActiveCfg = Release|Any CPU
		{2868CA03-2BEA-4FC1-B3EC-F3EDACDE2B20}.Debug|Any CPU.ActiveCfg = Debug|Any CPU
		{2868CA03-2BEA-4FC1-B3EC-F3EDACDE2B20}.Debug|Any CPU.Build.0 = Debug|Any CPU
		{2868CA03-2BEA-4FC1-B3EC-F3EDACDE2B20}.Debug|Mixed Platforms.ActiveCfg = Debug|Any CPU
		{2868CA03-2BEA-4FC1-B3EC-F3EDACDE2B20}.Debug|Mixed Platforms.Build.0 = Debug|Any CPU
		{2868CA03-2BEA-4FC1-B3EC-F3EDACDE2B20}.Debug|x86.ActiveCfg = Debug|Any CPU
		{2868CA03-2BEA-4FC1-B3EC-F3EDACDE2B20}.Mono|Any CPU.ActiveCfg = Mono|Any CPU
		{2868CA03-2BEA-4FC1-B3EC-F3EDACDE2B20}.Mono|Any CPU.Build.0 = Mono|Any CPU
		{2868CA03-2BEA-4FC1-B3EC-F3EDACDE2B20}.Mono|Mixed Platforms.ActiveCfg = Mono|Any CPU
		{2868CA03-2BEA-4FC1-B3EC-F3EDACDE2B20}.Mono|Mixed Platforms.Build.0 = Mono|Any CPU
		{2868CA03-2BEA-4FC1-B3EC-F3EDACDE2B20}.Mono|x86.ActiveCfg = Mono|Any CPU
		{2868CA03-2BEA-4FC1-B3EC-F3EDACDE2B20}.Release|Any CPU.ActiveCfg = Release|Any CPU
		{2868CA03-2BEA-4FC1-B3EC-F3EDACDE2B20}.Release|Any CPU.Build.0 = Release|Any CPU
		{2868CA03-2BEA-4FC1-B3EC-F3EDACDE2B20}.Release|Mixed Platforms.ActiveCfg = Release|Any CPU
		{2868CA03-2BEA-4FC1-B3EC-F3EDACDE2B20}.Release|Mixed Platforms.Build.0 = Release|Any CPU
		{2868CA03-2BEA-4FC1-B3EC-F3EDACDE2B20}.Release|x86.ActiveCfg = Release|Any CPU
		{E1E462DE-6F92-441A-B4CF-AFE54B49494D}.Debug|Any CPU.ActiveCfg = Debug|Any CPU
		{E1E462DE-6F92-441A-B4CF-AFE54B49494D}.Debug|Any CPU.Build.0 = Debug|Any CPU
		{E1E462DE-6F92-441A-B4CF-AFE54B49494D}.Debug|Mixed Platforms.ActiveCfg = Debug|Any CPU
		{E1E462DE-6F92-441A-B4CF-AFE54B49494D}.Debug|Mixed Platforms.Build.0 = Debug|Any CPU
		{E1E462DE-6F92-441A-B4CF-AFE54B49494D}.Debug|x86.ActiveCfg = Debug|Any CPU
		{E1E462DE-6F92-441A-B4CF-AFE54B49494D}.Mono|Any CPU.ActiveCfg = Release|Any CPU
		{E1E462DE-6F92-441A-B4CF-AFE54B49494D}.Mono|Any CPU.Build.0 = Release|Any CPU
		{E1E462DE-6F92-441A-B4CF-AFE54B49494D}.Mono|Mixed Platforms.ActiveCfg = Release|Any CPU
		{E1E462DE-6F92-441A-B4CF-AFE54B49494D}.Mono|Mixed Platforms.Build.0 = Release|Any CPU
		{E1E462DE-6F92-441A-B4CF-AFE54B49494D}.Mono|x86.ActiveCfg = Release|Any CPU
		{E1E462DE-6F92-441A-B4CF-AFE54B49494D}.Release|Any CPU.ActiveCfg = Release|Any CPU
		{E1E462DE-6F92-441A-B4CF-AFE54B49494D}.Release|Any CPU.Build.0 = Release|Any CPU
		{E1E462DE-6F92-441A-B4CF-AFE54B49494D}.Release|Mixed Platforms.ActiveCfg = Release|Any CPU
		{E1E462DE-6F92-441A-B4CF-AFE54B49494D}.Release|Mixed Platforms.Build.0 = Release|Any CPU
		{E1E462DE-6F92-441A-B4CF-AFE54B49494D}.Release|x86.ActiveCfg = Release|Any CPU
		{E53CE5C3-6488-4DEA-A263-7AD535B3FA0E}.Debug|Any CPU.ActiveCfg = Debug|Any CPU
		{E53CE5C3-6488-4DEA-A263-7AD535B3FA0E}.Debug|Any CPU.Build.0 = Debug|Any CPU
		{E53CE5C3-6488-4DEA-A263-7AD535B3FA0E}.Debug|Mixed Platforms.ActiveCfg = Debug|Any CPU
		{E53CE5C3-6488-4DEA-A263-7AD535B3FA0E}.Debug|Mixed Platforms.Build.0 = Debug|Any CPU
		{E53CE5C3-6488-4DEA-A263-7AD535B3FA0E}.Debug|x86.ActiveCfg = Debug|Any CPU
		{E53CE5C3-6488-4DEA-A263-7AD535B3FA0E}.Mono|Any CPU.ActiveCfg = Release|Any CPU
		{E53CE5C3-6488-4DEA-A263-7AD535B3FA0E}.Mono|Any CPU.Build.0 = Release|Any CPU
		{E53CE5C3-6488-4DEA-A263-7AD535B3FA0E}.Mono|Mixed Platforms.ActiveCfg = Release|Any CPU
		{E53CE5C3-6488-4DEA-A263-7AD535B3FA0E}.Mono|Mixed Platforms.Build.0 = Release|Any CPU
		{E53CE5C3-6488-4DEA-A263-7AD535B3FA0E}.Mono|x86.ActiveCfg = Release|Any CPU
		{E53CE5C3-6488-4DEA-A263-7AD535B3FA0E}.Release|Any CPU.ActiveCfg = Release|Any CPU
		{E53CE5C3-6488-4DEA-A263-7AD535B3FA0E}.Release|Any CPU.Build.0 = Release|Any CPU
		{E53CE5C3-6488-4DEA-A263-7AD535B3FA0E}.Release|Mixed Platforms.ActiveCfg = Release|Any CPU
		{E53CE5C3-6488-4DEA-A263-7AD535B3FA0E}.Release|Mixed Platforms.Build.0 = Release|Any CPU
		{E53CE5C3-6488-4DEA-A263-7AD535B3FA0E}.Release|x86.ActiveCfg = Release|Any CPU
		{1C9E3CBF-A9AC-40F4-82E0-3EC4E9A5B152}.Debug|Any CPU.ActiveCfg = Debug|Any CPU
		{1C9E3CBF-A9AC-40F4-82E0-3EC4E9A5B152}.Debug|Any CPU.Build.0 = Debug|Any CPU
		{1C9E3CBF-A9AC-40F4-82E0-3EC4E9A5B152}.Debug|Mixed Platforms.ActiveCfg = Debug|Any CPU
		{1C9E3CBF-A9AC-40F4-82E0-3EC4E9A5B152}.Debug|Mixed Platforms.Build.0 = Debug|Any CPU
		{1C9E3CBF-A9AC-40F4-82E0-3EC4E9A5B152}.Debug|x86.ActiveCfg = Debug|Any CPU
		{1C9E3CBF-A9AC-40F4-82E0-3EC4E9A5B152}.Mono|Any CPU.ActiveCfg = Release|Any CPU
		{1C9E3CBF-A9AC-40F4-82E0-3EC4E9A5B152}.Mono|Any CPU.Build.0 = Release|Any CPU
		{1C9E3CBF-A9AC-40F4-82E0-3EC4E9A5B152}.Mono|Mixed Platforms.ActiveCfg = Release|Any CPU
		{1C9E3CBF-A9AC-40F4-82E0-3EC4E9A5B152}.Mono|Mixed Platforms.Build.0 = Release|Any CPU
		{1C9E3CBF-A9AC-40F4-82E0-3EC4E9A5B152}.Mono|x86.ActiveCfg = Release|Any CPU
		{1C9E3CBF-A9AC-40F4-82E0-3EC4E9A5B152}.Release|Any CPU.ActiveCfg = Release|Any CPU
		{1C9E3CBF-A9AC-40F4-82E0-3EC4E9A5B152}.Release|Any CPU.Build.0 = Release|Any CPU
		{1C9E3CBF-A9AC-40F4-82E0-3EC4E9A5B152}.Release|Mixed Platforms.ActiveCfg = Release|Any CPU
		{1C9E3CBF-A9AC-40F4-82E0-3EC4E9A5B152}.Release|Mixed Platforms.Build.0 = Release|Any CPU
		{1C9E3CBF-A9AC-40F4-82E0-3EC4E9A5B152}.Release|x86.ActiveCfg = Release|Any CPU
		{2633D9F3-39AB-4312-B304-E57EF86C721F}.Debug|Any CPU.ActiveCfg = Debug|Any CPU
		{2633D9F3-39AB-4312-B304-E57EF86C721F}.Debug|Any CPU.Build.0 = Debug|Any CPU
		{2633D9F3-39AB-4312-B304-E57EF86C721F}.Debug|Mixed Platforms.ActiveCfg = Debug|Any CPU
		{2633D9F3-39AB-4312-B304-E57EF86C721F}.Debug|Mixed Platforms.Build.0 = Debug|Any CPU
		{2633D9F3-39AB-4312-B304-E57EF86C721F}.Debug|x86.ActiveCfg = Debug|Any CPU
		{2633D9F3-39AB-4312-B304-E57EF86C721F}.Mono|Any CPU.ActiveCfg = Release|Any CPU
		{2633D9F3-39AB-4312-B304-E57EF86C721F}.Mono|Any CPU.Build.0 = Release|Any CPU
		{2633D9F3-39AB-4312-B304-E57EF86C721F}.Mono|Mixed Platforms.ActiveCfg = Release|Any CPU
		{2633D9F3-39AB-4312-B304-E57EF86C721F}.Mono|Mixed Platforms.Build.0 = Release|Any CPU
		{2633D9F3-39AB-4312-B304-E57EF86C721F}.Mono|x86.ActiveCfg = Release|Any CPU
		{2633D9F3-39AB-4312-B304-E57EF86C721F}.Release|Any CPU.ActiveCfg = Release|Any CPU
		{2633D9F3-39AB-4312-B304-E57EF86C721F}.Release|Any CPU.Build.0 = Release|Any CPU
		{2633D9F3-39AB-4312-B304-E57EF86C721F}.Release|Mixed Platforms.ActiveCfg = Release|Any CPU
		{2633D9F3-39AB-4312-B304-E57EF86C721F}.Release|Mixed Platforms.Build.0 = Release|Any CPU
		{2633D9F3-39AB-4312-B304-E57EF86C721F}.Release|x86.ActiveCfg = Release|Any CPU
		{DABBF80F-7B6E-4241-88A8-568D8BFD61CE}.Debug|Any CPU.ActiveCfg = Debug|Any CPU
		{DABBF80F-7B6E-4241-88A8-568D8BFD61CE}.Debug|Any CPU.Build.0 = Debug|Any CPU
		{DABBF80F-7B6E-4241-88A8-568D8BFD61CE}.Debug|Mixed Platforms.ActiveCfg = Debug|Any CPU
		{DABBF80F-7B6E-4241-88A8-568D8BFD61CE}.Debug|Mixed Platforms.Build.0 = Debug|Any CPU
		{DABBF80F-7B6E-4241-88A8-568D8BFD61CE}.Debug|x86.ActiveCfg = Debug|Any CPU
		{DABBF80F-7B6E-4241-88A8-568D8BFD61CE}.Mono|Any CPU.ActiveCfg = Release|Any CPU
		{DABBF80F-7B6E-4241-88A8-568D8BFD61CE}.Mono|Any CPU.Build.0 = Release|Any CPU
		{DABBF80F-7B6E-4241-88A8-568D8BFD61CE}.Mono|Mixed Platforms.ActiveCfg = Release|Any CPU
		{DABBF80F-7B6E-4241-88A8-568D8BFD61CE}.Mono|Mixed Platforms.Build.0 = Release|Any CPU
		{DABBF80F-7B6E-4241-88A8-568D8BFD61CE}.Mono|x86.ActiveCfg = Release|Any CPU
		{DABBF80F-7B6E-4241-88A8-568D8BFD61CE}.Release|Any CPU.ActiveCfg = Release|Any CPU
		{DABBF80F-7B6E-4241-88A8-568D8BFD61CE}.Release|Any CPU.Build.0 = Release|Any CPU
		{DABBF80F-7B6E-4241-88A8-568D8BFD61CE}.Release|Mixed Platforms.ActiveCfg = Release|Any CPU
		{DABBF80F-7B6E-4241-88A8-568D8BFD61CE}.Release|Mixed Platforms.Build.0 = Release|Any CPU
		{DABBF80F-7B6E-4241-88A8-568D8BFD61CE}.Release|x86.ActiveCfg = Release|Any CPU
		{886B31A6-1CF1-4180-B2C7-37D920E0A7F2}.Debug|Any CPU.ActiveCfg = Debug|Any CPU
		{886B31A6-1CF1-4180-B2C7-37D920E0A7F2}.Debug|Any CPU.Build.0 = Debug|Any CPU
		{886B31A6-1CF1-4180-B2C7-37D920E0A7F2}.Debug|Mixed Platforms.ActiveCfg = Debug|Any CPU
		{886B31A6-1CF1-4180-B2C7-37D920E0A7F2}.Debug|Mixed Platforms.Build.0 = Debug|Any CPU
		{886B31A6-1CF1-4180-B2C7-37D920E0A7F2}.Debug|x86.ActiveCfg = Debug|Any CPU
		{886B31A6-1CF1-4180-B2C7-37D920E0A7F2}.Mono|Any CPU.ActiveCfg = Release|Any CPU
		{886B31A6-1CF1-4180-B2C7-37D920E0A7F2}.Mono|Any CPU.Build.0 = Release|Any CPU
		{886B31A6-1CF1-4180-B2C7-37D920E0A7F2}.Mono|Mixed Platforms.ActiveCfg = Release|Any CPU
		{886B31A6-1CF1-4180-B2C7-37D920E0A7F2}.Mono|Mixed Platforms.Build.0 = Release|Any CPU
		{886B31A6-1CF1-4180-B2C7-37D920E0A7F2}.Mono|x86.ActiveCfg = Release|Any CPU
		{886B31A6-1CF1-4180-B2C7-37D920E0A7F2}.Release|Any CPU.ActiveCfg = Release|Any CPU
		{886B31A6-1CF1-4180-B2C7-37D920E0A7F2}.Release|Any CPU.Build.0 = Release|Any CPU
		{886B31A6-1CF1-4180-B2C7-37D920E0A7F2}.Release|Mixed Platforms.ActiveCfg = Release|Any CPU
		{886B31A6-1CF1-4180-B2C7-37D920E0A7F2}.Release|Mixed Platforms.Build.0 = Release|Any CPU
		{886B31A6-1CF1-4180-B2C7-37D920E0A7F2}.Release|x86.ActiveCfg = Release|Any CPU
		{663303C8-3E2A-4164-A011-472C30E705A7}.Debug|Any CPU.ActiveCfg = Debug|Any CPU
		{663303C8-3E2A-4164-A011-472C30E705A7}.Debug|Any CPU.Build.0 = Debug|Any CPU
		{663303C8-3E2A-4164-A011-472C30E705A7}.Debug|Mixed Platforms.ActiveCfg = Debug|Any CPU
		{663303C8-3E2A-4164-A011-472C30E705A7}.Debug|Mixed Platforms.Build.0 = Debug|Any CPU
		{663303C8-3E2A-4164-A011-472C30E705A7}.Debug|x86.ActiveCfg = Debug|Any CPU
		{663303C8-3E2A-4164-A011-472C30E705A7}.Mono|Any CPU.ActiveCfg = Release|Any CPU
		{663303C8-3E2A-4164-A011-472C30E705A7}.Mono|Any CPU.Build.0 = Release|Any CPU
		{663303C8-3E2A-4164-A011-472C30E705A7}.Mono|Mixed Platforms.ActiveCfg = Release|Any CPU
		{663303C8-3E2A-4164-A011-472C30E705A7}.Mono|Mixed Platforms.Build.0 = Release|Any CPU
		{663303C8-3E2A-4164-A011-472C30E705A7}.Mono|x86.ActiveCfg = Release|Any CPU
		{663303C8-3E2A-4164-A011-472C30E705A7}.Release|Any CPU.ActiveCfg = Release|Any CPU
		{663303C8-3E2A-4164-A011-472C30E705A7}.Release|Any CPU.Build.0 = Release|Any CPU
		{663303C8-3E2A-4164-A011-472C30E705A7}.Release|Mixed Platforms.ActiveCfg = Release|Any CPU
		{663303C8-3E2A-4164-A011-472C30E705A7}.Release|Mixed Platforms.Build.0 = Release|Any CPU
		{663303C8-3E2A-4164-A011-472C30E705A7}.Release|x86.ActiveCfg = Release|Any CPU
		{88CA3460-06F7-41D1-8D37-B51B664F1007}.Debug|Any CPU.ActiveCfg = Debug|Any CPU
		{88CA3460-06F7-41D1-8D37-B51B664F1007}.Debug|Any CPU.Build.0 = Debug|Any CPU
		{88CA3460-06F7-41D1-8D37-B51B664F1007}.Debug|Mixed Platforms.ActiveCfg = Debug|Any CPU
		{88CA3460-06F7-41D1-8D37-B51B664F1007}.Debug|Mixed Platforms.Build.0 = Debug|Any CPU
		{88CA3460-06F7-41D1-8D37-B51B664F1007}.Debug|x86.ActiveCfg = Debug|Any CPU
		{88CA3460-06F7-41D1-8D37-B51B664F1007}.Mono|Any CPU.ActiveCfg = Release|Any CPU
		{88CA3460-06F7-41D1-8D37-B51B664F1007}.Mono|Any CPU.Build.0 = Release|Any CPU
		{88CA3460-06F7-41D1-8D37-B51B664F1007}.Mono|Mixed Platforms.ActiveCfg = Release|Any CPU
		{88CA3460-06F7-41D1-8D37-B51B664F1007}.Mono|Mixed Platforms.Build.0 = Release|Any CPU
		{88CA3460-06F7-41D1-8D37-B51B664F1007}.Mono|x86.ActiveCfg = Release|Any CPU
		{88CA3460-06F7-41D1-8D37-B51B664F1007}.Release|Any CPU.ActiveCfg = Release|Any CPU
		{88CA3460-06F7-41D1-8D37-B51B664F1007}.Release|Any CPU.Build.0 = Release|Any CPU
		{88CA3460-06F7-41D1-8D37-B51B664F1007}.Release|Mixed Platforms.ActiveCfg = Release|Any CPU
		{88CA3460-06F7-41D1-8D37-B51B664F1007}.Release|Mixed Platforms.Build.0 = Release|Any CPU
		{88CA3460-06F7-41D1-8D37-B51B664F1007}.Release|x86.ActiveCfg = Release|Any CPU
		{0976545C-B2CB-4CF6-9FFF-68433F79BC04}.Debug|Any CPU.ActiveCfg = Debug|Any CPU
		{0976545C-B2CB-4CF6-9FFF-68433F79BC04}.Debug|Any CPU.Build.0 = Debug|Any CPU
		{0976545C-B2CB-4CF6-9FFF-68433F79BC04}.Debug|Mixed Platforms.ActiveCfg = Debug|Any CPU
		{0976545C-B2CB-4CF6-9FFF-68433F79BC04}.Debug|Mixed Platforms.Build.0 = Debug|Any CPU
		{0976545C-B2CB-4CF6-9FFF-68433F79BC04}.Debug|x86.ActiveCfg = Debug|Any CPU
		{0976545C-B2CB-4CF6-9FFF-68433F79BC04}.Mono|Any CPU.ActiveCfg = Release|Any CPU
		{0976545C-B2CB-4CF6-9FFF-68433F79BC04}.Mono|Any CPU.Build.0 = Release|Any CPU
		{0976545C-B2CB-4CF6-9FFF-68433F79BC04}.Mono|Mixed Platforms.ActiveCfg = Release|Any CPU
		{0976545C-B2CB-4CF6-9FFF-68433F79BC04}.Mono|Mixed Platforms.Build.0 = Release|Any CPU
		{0976545C-B2CB-4CF6-9FFF-68433F79BC04}.Mono|x86.ActiveCfg = Release|Any CPU
		{0976545C-B2CB-4CF6-9FFF-68433F79BC04}.Release|Any CPU.ActiveCfg = Release|Any CPU
		{0976545C-B2CB-4CF6-9FFF-68433F79BC04}.Release|Any CPU.Build.0 = Release|Any CPU
		{0976545C-B2CB-4CF6-9FFF-68433F79BC04}.Release|Mixed Platforms.ActiveCfg = Release|Any CPU
		{0976545C-B2CB-4CF6-9FFF-68433F79BC04}.Release|Mixed Platforms.Build.0 = Release|Any CPU
		{0976545C-B2CB-4CF6-9FFF-68433F79BC04}.Release|x86.ActiveCfg = Release|Any CPU
		{F7FD0B73-10EF-46BF-80F7-6A97DDDD38C0}.Debug|Any CPU.ActiveCfg = Debug|Any CPU
		{F7FD0B73-10EF-46BF-80F7-6A97DDDD38C0}.Debug|Any CPU.Build.0 = Debug|Any CPU
		{F7FD0B73-10EF-46BF-80F7-6A97DDDD38C0}.Debug|Mixed Platforms.ActiveCfg = Debug|Any CPU
		{F7FD0B73-10EF-46BF-80F7-6A97DDDD38C0}.Debug|Mixed Platforms.Build.0 = Debug|Any CPU
		{F7FD0B73-10EF-46BF-80F7-6A97DDDD38C0}.Debug|x86.ActiveCfg = Debug|Any CPU
		{F7FD0B73-10EF-46BF-80F7-6A97DDDD38C0}.Mono|Any CPU.ActiveCfg = Release|Any CPU
		{F7FD0B73-10EF-46BF-80F7-6A97DDDD38C0}.Mono|Any CPU.Build.0 = Release|Any CPU
		{F7FD0B73-10EF-46BF-80F7-6A97DDDD38C0}.Mono|Mixed Platforms.ActiveCfg = Release|Any CPU
		{F7FD0B73-10EF-46BF-80F7-6A97DDDD38C0}.Mono|Mixed Platforms.Build.0 = Release|Any CPU
		{F7FD0B73-10EF-46BF-80F7-6A97DDDD38C0}.Mono|x86.ActiveCfg = Release|Any CPU
		{F7FD0B73-10EF-46BF-80F7-6A97DDDD38C0}.Release|Any CPU.ActiveCfg = Release|Any CPU
		{F7FD0B73-10EF-46BF-80F7-6A97DDDD38C0}.Release|Any CPU.Build.0 = Release|Any CPU
		{F7FD0B73-10EF-46BF-80F7-6A97DDDD38C0}.Release|Mixed Platforms.ActiveCfg = Release|Any CPU
		{F7FD0B73-10EF-46BF-80F7-6A97DDDD38C0}.Release|Mixed Platforms.Build.0 = Release|Any CPU
		{F7FD0B73-10EF-46BF-80F7-6A97DDDD38C0}.Release|x86.ActiveCfg = Release|Any CPU
		{6F101FBE-7229-4511-938A-A43139DA6B23}.Debug|Any CPU.ActiveCfg = Debug|Any CPU
		{6F101FBE-7229-4511-938A-A43139DA6B23}.Debug|Any CPU.Build.0 = Debug|Any CPU
		{6F101FBE-7229-4511-938A-A43139DA6B23}.Debug|Mixed Platforms.ActiveCfg = Debug|Any CPU
		{6F101FBE-7229-4511-938A-A43139DA6B23}.Debug|Mixed Platforms.Build.0 = Debug|Any CPU
		{6F101FBE-7229-4511-938A-A43139DA6B23}.Debug|x86.ActiveCfg = Debug|Any CPU
		{6F101FBE-7229-4511-938A-A43139DA6B23}.Mono|Any CPU.ActiveCfg = Release|Any CPU
		{6F101FBE-7229-4511-938A-A43139DA6B23}.Mono|Any CPU.Build.0 = Release|Any CPU
		{6F101FBE-7229-4511-938A-A43139DA6B23}.Mono|Mixed Platforms.ActiveCfg = Release|Any CPU
		{6F101FBE-7229-4511-938A-A43139DA6B23}.Mono|Mixed Platforms.Build.0 = Release|Any CPU
		{6F101FBE-7229-4511-938A-A43139DA6B23}.Mono|x86.ActiveCfg = Release|Any CPU
		{6F101FBE-7229-4511-938A-A43139DA6B23}.Release|Any CPU.ActiveCfg = Release|Any CPU
		{6F101FBE-7229-4511-938A-A43139DA6B23}.Release|Any CPU.Build.0 = Release|Any CPU
		{6F101FBE-7229-4511-938A-A43139DA6B23}.Release|Mixed Platforms.ActiveCfg = Release|Any CPU
		{6F101FBE-7229-4511-938A-A43139DA6B23}.Release|Mixed Platforms.Build.0 = Release|Any CPU
		{6F101FBE-7229-4511-938A-A43139DA6B23}.Release|x86.ActiveCfg = Release|Any CPU
		{2A1F1216-331F-4A77-B7D1-11B35445DCA5}.Debug|Any CPU.ActiveCfg = Debug|Any CPU
		{2A1F1216-331F-4A77-B7D1-11B35445DCA5}.Debug|Any CPU.Build.0 = Debug|Any CPU
		{2A1F1216-331F-4A77-B7D1-11B35445DCA5}.Debug|Mixed Platforms.ActiveCfg = Debug|Any CPU
		{2A1F1216-331F-4A77-B7D1-11B35445DCA5}.Debug|Mixed Platforms.Build.0 = Debug|Any CPU
		{2A1F1216-331F-4A77-B7D1-11B35445DCA5}.Debug|x86.ActiveCfg = Debug|Any CPU
		{2A1F1216-331F-4A77-B7D1-11B35445DCA5}.Mono|Any CPU.ActiveCfg = Release|Any CPU
		{2A1F1216-331F-4A77-B7D1-11B35445DCA5}.Mono|Any CPU.Build.0 = Release|Any CPU
		{2A1F1216-331F-4A77-B7D1-11B35445DCA5}.Mono|Mixed Platforms.ActiveCfg = Release|Any CPU
		{2A1F1216-331F-4A77-B7D1-11B35445DCA5}.Mono|Mixed Platforms.Build.0 = Release|Any CPU
		{2A1F1216-331F-4A77-B7D1-11B35445DCA5}.Mono|x86.ActiveCfg = Release|Any CPU
		{2A1F1216-331F-4A77-B7D1-11B35445DCA5}.Release|Any CPU.ActiveCfg = Release|Any CPU
		{2A1F1216-331F-4A77-B7D1-11B35445DCA5}.Release|Any CPU.Build.0 = Release|Any CPU
		{2A1F1216-331F-4A77-B7D1-11B35445DCA5}.Release|Mixed Platforms.ActiveCfg = Release|Any CPU
		{2A1F1216-331F-4A77-B7D1-11B35445DCA5}.Release|Mixed Platforms.Build.0 = Release|Any CPU
		{2A1F1216-331F-4A77-B7D1-11B35445DCA5}.Release|x86.ActiveCfg = Release|Any CPU
		{5E8A4AD7-8BDC-45D5-BC7F-2AFC35426685}.Debug|Any CPU.ActiveCfg = Debug|Any CPU
		{5E8A4AD7-8BDC-45D5-BC7F-2AFC35426685}.Debug|Any CPU.Build.0 = Debug|Any CPU
		{5E8A4AD7-8BDC-45D5-BC7F-2AFC35426685}.Debug|Mixed Platforms.ActiveCfg = Debug|Any CPU
		{5E8A4AD7-8BDC-45D5-BC7F-2AFC35426685}.Debug|Mixed Platforms.Build.0 = Debug|Any CPU
		{5E8A4AD7-8BDC-45D5-BC7F-2AFC35426685}.Debug|x86.ActiveCfg = Debug|Any CPU
		{5E8A4AD7-8BDC-45D5-BC7F-2AFC35426685}.Mono|Any CPU.ActiveCfg = Release|Any CPU
		{5E8A4AD7-8BDC-45D5-BC7F-2AFC35426685}.Mono|Any CPU.Build.0 = Release|Any CPU
		{5E8A4AD7-8BDC-45D5-BC7F-2AFC35426685}.Mono|Mixed Platforms.ActiveCfg = Release|Any CPU
		{5E8A4AD7-8BDC-45D5-BC7F-2AFC35426685}.Mono|Mixed Platforms.Build.0 = Release|Any CPU
		{5E8A4AD7-8BDC-45D5-BC7F-2AFC35426685}.Mono|x86.ActiveCfg = Release|Any CPU
		{5E8A4AD7-8BDC-45D5-BC7F-2AFC35426685}.Release|Any CPU.ActiveCfg = Release|Any CPU
		{5E8A4AD7-8BDC-45D5-BC7F-2AFC35426685}.Release|Any CPU.Build.0 = Release|Any CPU
		{5E8A4AD7-8BDC-45D5-BC7F-2AFC35426685}.Release|Mixed Platforms.ActiveCfg = Release|Any CPU
		{5E8A4AD7-8BDC-45D5-BC7F-2AFC35426685}.Release|Mixed Platforms.Build.0 = Release|Any CPU
		{5E8A4AD7-8BDC-45D5-BC7F-2AFC35426685}.Release|x86.ActiveCfg = Release|Any CPU
		{28D8D0BD-92D2-4AA3-9850-C731D7F1D4E4}.Debug|Any CPU.ActiveCfg = Debug|x86
		{28D8D0BD-92D2-4AA3-9850-C731D7F1D4E4}.Debug|Mixed Platforms.ActiveCfg = Debug|x86
		{28D8D0BD-92D2-4AA3-9850-C731D7F1D4E4}.Debug|Mixed Platforms.Build.0 = Debug|x86
		{28D8D0BD-92D2-4AA3-9850-C731D7F1D4E4}.Debug|x86.ActiveCfg = Debug|x86
		{28D8D0BD-92D2-4AA3-9850-C731D7F1D4E4}.Debug|x86.Build.0 = Debug|x86
		{28D8D0BD-92D2-4AA3-9850-C731D7F1D4E4}.Mono|Any CPU.ActiveCfg = Release|x86
		{28D8D0BD-92D2-4AA3-9850-C731D7F1D4E4}.Mono|Mixed Platforms.ActiveCfg = Release|x86
		{28D8D0BD-92D2-4AA3-9850-C731D7F1D4E4}.Mono|Mixed Platforms.Build.0 = Release|x86
		{28D8D0BD-92D2-4AA3-9850-C731D7F1D4E4}.Mono|x86.ActiveCfg = Release|x86
		{28D8D0BD-92D2-4AA3-9850-C731D7F1D4E4}.Mono|x86.Build.0 = Release|x86
		{28D8D0BD-92D2-4AA3-9850-C731D7F1D4E4}.Release|Any CPU.ActiveCfg = Release|x86
		{28D8D0BD-92D2-4AA3-9850-C731D7F1D4E4}.Release|Mixed Platforms.ActiveCfg = Release|x86
		{28D8D0BD-92D2-4AA3-9850-C731D7F1D4E4}.Release|Mixed Platforms.Build.0 = Release|x86
		{28D8D0BD-92D2-4AA3-9850-C731D7F1D4E4}.Release|x86.ActiveCfg = Release|x86
		{28D8D0BD-92D2-4AA3-9850-C731D7F1D4E4}.Release|x86.Build.0 = Release|x86
	EndGlobalSection
	GlobalSection(SolutionProperties) = preSolution
		HideSolutionNode = FALSE
	EndGlobalSection
	GlobalSection(NestedProjects) = preSolution
		{C8581BA8-6B76-4C5B-AF2F-ABCB471C0762} = {66F845F4-4CA1-4674-8272-AFAB4D293389}
		{A547606E-A1D4-4747-9971-932D404392B1} = {66F845F4-4CA1-4674-8272-AFAB4D293389}
		{C2587AF0-ABC5-4CBF-9737-791B75DFECE9} = {66F845F4-4CA1-4674-8272-AFAB4D293389}
		{D6681C5F-8EFD-4D28-B4FD-4BA26CF7B944} = {66F845F4-4CA1-4674-8272-AFAB4D293389}
		{6B58932F-F89D-4175-A1A7-D6D3ECB1F9B4} = {66F845F4-4CA1-4674-8272-AFAB4D293389}
		{6E0898C5-E780-4B67-80CF-F9668A75BE29} = {66F845F4-4CA1-4674-8272-AFAB4D293389}
		{685DB239-ABD7-41B6-AE23-576D8373541B} = {66F845F4-4CA1-4674-8272-AFAB4D293389}
		{42B20BB9-61B4-43E1-865B-2E039E341928} = {D46BD3AB-48A5-4B5B-954D-AADAEAC11945}
		{2C6299ED-1501-453B-AA36-1CBBAEBE19EE} = {D46BD3AB-48A5-4B5B-954D-AADAEAC11945}
		{D6219C9F-F342-4E7E-8631-63BC3B0E9469} = {D46BD3AB-48A5-4B5B-954D-AADAEAC11945}
		{CE34137D-A608-47F1-9000-33976B751849} = {42B20BB9-61B4-43E1-865B-2E039E341928}
		{11741E9C-13F0-4639-A2E0-D54967BE15B8} = {42B20BB9-61B4-43E1-865B-2E039E341928}
		{A0408FE9-6EEA-40D2-AAF6-1D3B1D3244AF} = {42B20BB9-61B4-43E1-865B-2E039E341928}
		{5620FDFE-C8AB-45CB-A038-5096221150B8} = {42B20BB9-61B4-43E1-865B-2E039E341928}
		{B4567159-0237-41A5-B670-25B58400E0F6} = {42B20BB9-61B4-43E1-865B-2E039E341928}
		{B9FFEB65-6BF4-4A61-9DD2-9EF26FAADF46} = {2C6299ED-1501-453B-AA36-1CBBAEBE19EE}
		{5DE71E47-066F-43E8-B5C8-0E08DC6EBE29} = {2C6299ED-1501-453B-AA36-1CBBAEBE19EE}
		{CF8D2784-E251-4F19-8F15-36C0A4FAEB18} = {2C6299ED-1501-453B-AA36-1CBBAEBE19EE}
		{105E7058-AFC4-486F-9B0A-F84A733621ED} = {2C6299ED-1501-453B-AA36-1CBBAEBE19EE}
		{D3529B64-5029-423C-8B85-40B0E37FB8C5} = {2C6299ED-1501-453B-AA36-1CBBAEBE19EE}
		{6F101FBE-7229-4511-938A-A43139DA6B23} = {2C6299ED-1501-453B-AA36-1CBBAEBE19EE}
		{66986E5C-1C9E-42C6-B843-73C74AC3025A} = {CE34137D-A608-47F1-9000-33976B751849}
		{2868CA03-2BEA-4FC1-B3EC-F3EDACDE2B20} = {CE34137D-A608-47F1-9000-33976B751849}
		{2A1F1216-331F-4A77-B7D1-11B35445DCA5} = {CE34137D-A608-47F1-9000-33976B751849}
		{DF13CF45-9859-4770-94FE-40AD9429AD3A} = {D3529B64-5029-423C-8B85-40B0E37FB8C5}
		{E1E462DE-6F92-441A-B4CF-AFE54B49494D} = {D3529B64-5029-423C-8B85-40B0E37FB8C5}
		{5E8A4AD7-8BDC-45D5-BC7F-2AFC35426685} = {D3529B64-5029-423C-8B85-40B0E37FB8C5}
		{F66D5A38-E321-449E-9570-672017940880} = {D6219C9F-F342-4E7E-8631-63BC3B0E9469}
		{C477057B-500B-4D9F-B7E1-8306538714F8} = {D6219C9F-F342-4E7E-8631-63BC3B0E9469}
		{611EEA1C-0088-42B8-800E-7C70B474C35A} = {D6219C9F-F342-4E7E-8631-63BC3B0E9469}
		{EB3DC064-D88D-42C0-B8A8-BA0A5FB8416E} = {F66D5A38-E321-449E-9570-672017940880}
		{E004F9AD-4973-4DB1-854D-DD6A39D4D54E} = {9CEA0AD3-58BD-4181-A60B-9003D4575C18}
		{AD58EDA9-5207-48B5-B403-CCE82D45410B} = {9CEA0AD3-58BD-4181-A60B-9003D4575C18}
		{28D8D0BD-92D2-4AA3-9850-C731D7F1D4E4} = {9CEA0AD3-58BD-4181-A60B-9003D4575C18}
		{CACE9626-3626-4C17-9C63-2999AFE82B41} = {7B61BCDC-1306-4509-97AF-790C3948459A}
		{8A344CF5-0C2F-4B69-B196-743D855CD597} = {7B61BCDC-1306-4509-97AF-790C3948459A}
		{ACB3B209-D6B2-4E9D-B001-9F4975E4129D} = {7B61BCDC-1306-4509-97AF-790C3948459A}
		{E53CE5C3-6488-4DEA-A263-7AD535B3FA0E} = {CACE9626-3626-4C17-9C63-2999AFE82B41}
		{DABBF80F-7B6E-4241-88A8-568D8BFD61CE} = {CACE9626-3626-4C17-9C63-2999AFE82B41}
		{081D9DEE-1C98-4884-8FB6-D6666CB48189} = {CACE9626-3626-4C17-9C63-2999AFE82B41}
		{1C9E3CBF-A9AC-40F4-82E0-3EC4E9A5B152} = {8A344CF5-0C2F-4B69-B196-743D855CD597}
		{2633D9F3-39AB-4312-B304-E57EF86C721F} = {8A344CF5-0C2F-4B69-B196-743D855CD597}
		{31D10014-4429-471F-8043-5CDF7FF2D404} = {8A344CF5-0C2F-4B69-B196-743D855CD597}
		{F7FD0B73-10EF-46BF-80F7-6A97DDDD38C0} = {8A344CF5-0C2F-4B69-B196-743D855CD597}
		{886B31A6-1CF1-4180-B2C7-37D920E0A7F2} = {ACB3B209-D6B2-4E9D-B001-9F4975E4129D}
		{429C814B-0ADC-4405-93FA-662500F5B8F9} = {ACB3B209-D6B2-4E9D-B001-9F4975E4129D}
		{663303C8-3E2A-4164-A011-472C30E705A7} = {429C814B-0ADC-4405-93FA-662500F5B8F9}
		{88CA3460-06F7-41D1-8D37-B51B664F1007} = {081D9DEE-1C98-4884-8FB6-D6666CB48189}
		{0976545C-B2CB-4CF6-9FFF-68433F79BC04} = {31D10014-4429-471F-8043-5CDF7FF2D404}
	EndGlobalSection
EndGlobal
